// !$*UTF8*$!
{
	archiveVersion = 1;
	classes = {
	};
	objectVersion = 46;
	objects = {

/* Begin PBXBuildFile section */
		0317811D1CA497940092EC2C /* UIDeviceHardware.m in Sources */ = {isa = PBXBuildFile; fileRef = 0317811C1CA497940092EC2C /* UIDeviceHardware.m */; };
		0317811F1CA4A33E0092EC2C /* SCLAlertView.swift in Sources */ = {isa = PBXBuildFile; fileRef = 0317811E1CA4A33E0092EC2C /* SCLAlertView.swift */; };
		031D28031B29D1300060263A /* AppDelegate.swift in Sources */ = {isa = PBXBuildFile; fileRef = 031D28021B29D1300060263A /* AppDelegate.swift */; };
		031D28081B29D1300060263A /* Main.storyboard in Resources */ = {isa = PBXBuildFile; fileRef = 031D28061B29D1300060263A /* Main.storyboard */; };
		031D280A1B29D1300060263A /* Images.xcassets in Resources */ = {isa = PBXBuildFile; fileRef = 031D28091B29D1300060263A /* Images.xcassets */; };
		031D280D1B29D1300060263A /* LaunchScreen.xib in Resources */ = {isa = PBXBuildFile; fileRef = 031D280B1B29D1300060263A /* LaunchScreen.xib */; };
		031D28191B29D1300060263A /* HabitualTests.swift in Sources */ = {isa = PBXBuildFile; fileRef = 031D28181B29D1300060263A /* HabitualTests.swift */; };
		0322F18E1C48B9D6005A5B16 /* UIImageView+AsyncDownload.swift in Sources */ = {isa = PBXBuildFile; fileRef = 0322F18D1C48B9D6005A5B16 /* UIImageView+AsyncDownload.swift */; };
		032EEBE91BF81C3C0094F179 /* UIAppearance+Swift.m in Sources */ = {isa = PBXBuildFile; fileRef = 032EEBE81BF81C3C0094F179 /* UIAppearance+Swift.m */; };
		0336741E1BCF477500AA87C2 /* SecretConstants.swift in Sources */ = {isa = PBXBuildFile; fileRef = 0336741D1BCF477500AA87C2 /* SecretConstants.swift */; };
		033DE64E1BF1A94C00842C03 /* Styler.swift in Sources */ = {isa = PBXBuildFile; fileRef = 033DE64D1BF1A94C00842C03 /* Styler.swift */; };
		033DE6561BF1BA5900842C03 /* UserCell.xib in Resources */ = {isa = PBXBuildFile; fileRef = 033DE6541BF1BA5900842C03 /* UserCell.xib */; };
		033DE65F1BF1BEB800842C03 /* HabitHomeCell.swift in Sources */ = {isa = PBXBuildFile; fileRef = 033DE65D1BF1BEB800842C03 /* HabitHomeCell.swift */; };
		033DE6601BF1BEB800842C03 /* HabitHomeCell.xib in Resources */ = {isa = PBXBuildFile; fileRef = 033DE65E1BF1BEB800842C03 /* HabitHomeCell.xib */; };
		034ADC0C1BFAC6F700593C4E /* StatCell.swift in Sources */ = {isa = PBXBuildFile; fileRef = 034ADC0B1BFAC6F700593C4E /* StatCell.swift */; };
		034ADC0E1BFC365500593C4E /* SettingsViewController.swift in Sources */ = {isa = PBXBuildFile; fileRef = 034ADC0D1BFC365500593C4E /* SettingsViewController.swift */; };
		034ADC101BFD444D00593C4E /* ConnectionChatViewController.swift in Sources */ = {isa = PBXBuildFile; fileRef = 034ADC0F1BFD444D00593C4E /* ConnectionChatViewController.swift */; };
		034ADC121BFD77E600593C4E /* Connection.swift in Sources */ = {isa = PBXBuildFile; fileRef = 034ADC111BFD77E600593C4E /* Connection.swift */; };
		034ADC141BFD77F100593C4E /* Message.swift in Sources */ = {isa = PBXBuildFile; fileRef = 034ADC131BFD77F100593C4E /* Message.swift */; };
		034ADC161BFD804300593C4E /* ParseObject.swift in Sources */ = {isa = PBXBuildFile; fileRef = 034ADC151BFD804300593C4E /* ParseObject.swift */; };
		034ADC181BFD828700593C4E /* User+Web.swift in Sources */ = {isa = PBXBuildFile; fileRef = 034ADC171BFD828700593C4E /* User+Web.swift */; };
		034E13251C07E61F00EC3BCC /* Habit+Web.swift in Sources */ = {isa = PBXBuildFile; fileRef = 034E13241C07E61F00EC3BCC /* Habit+Web.swift */; };
		034E13291C07E68F00EC3BCC /* NotificationSetting.swift in Sources */ = {isa = PBXBuildFile; fileRef = 034E13281C07E68F00EC3BCC /* NotificationSetting.swift */; };
		034E132D1C07E6F400EC3BCC /* Frequency.swift in Sources */ = {isa = PBXBuildFile; fileRef = 034E132C1C07E6F400EC3BCC /* Frequency.swift */; };
		034E132F1C07EE7400EC3BCC /* TimeOfDay.swift in Sources */ = {isa = PBXBuildFile; fileRef = 034E132E1C07EE7400EC3BCC /* TimeOfDay.swift */; };
		034E13311C07F1E100EC3BCC /* Habit+CoreData.swift in Sources */ = {isa = PBXBuildFile; fileRef = 034E13301C07F1E100EC3BCC /* Habit+CoreData.swift */; };
		0350ED981C5041F800CECE5A /* UserCell.swift in Sources */ = {isa = PBXBuildFile; fileRef = 0350ED971C5041F800CECE5A /* UserCell.swift */; };
		0350ED9F1C506AFF00CECE5A /* DatePickerCell.swift in Sources */ = {isa = PBXBuildFile; fileRef = 0350ED9D1C506AFF00CECE5A /* DatePickerCell.swift */; };
		0350EDA01C506AFF00CECE5A /* DatePickerCell.xib in Resources */ = {isa = PBXBuildFile; fileRef = 0350ED9E1C506AFF00CECE5A /* DatePickerCell.xib */; };
		0355D10E1B5D786200EA8185 /* NetworkTableViewController.swift in Sources */ = {isa = PBXBuildFile; fileRef = 0355D10D1B5D786200EA8185 /* NetworkTableViewController.swift */; };
		0355D1101B5D786D00EA8185 /* UserViewController.swift in Sources */ = {isa = PBXBuildFile; fileRef = 0355D10F1B5D786D00EA8185 /* UserViewController.swift */; };
		037610951C2F61C100B3E9F2 /* HabitGlanceCell.swift in Sources */ = {isa = PBXBuildFile; fileRef = 037610931C2F61C100B3E9F2 /* HabitGlanceCell.swift */; };
		037610961C2F61C100B3E9F2 /* HabitGlanceCell.xib in Resources */ = {isa = PBXBuildFile; fileRef = 037610941C2F61C100B3E9F2 /* HabitGlanceCell.xib */; };
		039437741C04264800E8566D /* NotificationHandler.swift in Sources */ = {isa = PBXBuildFile; fileRef = 039437731C04264800E8566D /* NotificationHandler.swift */; };
		039BFC031B2AD1C7006EAFD9 /* WebManager.swift in Sources */ = {isa = PBXBuildFile; fileRef = 039BFC021B2AD1C7006EAFD9 /* WebManager.swift */; };
		039BFC051B2AD1DF006EAFD9 /* AuthManager.swift in Sources */ = {isa = PBXBuildFile; fileRef = 039BFC041B2AD1DF006EAFD9 /* AuthManager.swift */; };
		039BFC081B2AD1F9006EAFD9 /* Constants.swift in Sources */ = {isa = PBXBuildFile; fileRef = 039BFC071B2AD1F9006EAFD9 /* Constants.swift */; };
		039BFC0A1B2AD234006EAFD9 /* Utilities.swift in Sources */ = {isa = PBXBuildFile; fileRef = 039BFC091B2AD234006EAFD9 /* Utilities.swift */; };
		039BFC0E1B2AE10B006EAFD9 /* User.swift in Sources */ = {isa = PBXBuildFile; fileRef = 039BFC0D1B2AE10B006EAFD9 /* User.swift */; };
		039DBF471C14F0D9000EED3B /* ConnectionChatViewFlowLayout.swift in Sources */ = {isa = PBXBuildFile; fileRef = 039DBF461C14F0D9000EED3B /* ConnectionChatViewFlowLayout.swift */; };
		03ADD4EE1CA32BBF000C8475 /* CVCalendarView+Refresh.swift in Sources */ = {isa = PBXBuildFile; fileRef = 03ADD4ED1CA32BBF000C8475 /* CVCalendarView+Refresh.swift */; };
		03B488131B509C390077E601 /* HabitCell.swift in Sources */ = {isa = PBXBuildFile; fileRef = 03B488111B509C390077E601 /* HabitCell.swift */; };
		03B488141B509C390077E601 /* HabitCell.xib in Resources */ = {isa = PBXBuildFile; fileRef = 03B488121B509C390077E601 /* HabitCell.xib */; };
		03B488161B509CAA0077E601 /* CalendarViewController.swift in Sources */ = {isa = PBXBuildFile; fileRef = 03B488151B509CAA0077E601 /* CalendarViewController.swift */; };
		03BA13451B5DB82900504A63 /* MainTabBarController.swift in Sources */ = {isa = PBXBuildFile; fileRef = 03BA13441B5DB82900504A63 /* MainTabBarController.swift */; };
		03BA13471B5EEB8300504A63 /* LocalNotificationManager.swift in Sources */ = {isa = PBXBuildFile; fileRef = 03BA13461B5EEB8300504A63 /* LocalNotificationManager.swift */; };
		03CB427E1BC9C76D00B13DE7 /* SelectConnectionsTableViewController.swift in Sources */ = {isa = PBXBuildFile; fileRef = 03CB427D1BC9C76D00B13DE7 /* SelectConnectionsTableViewController.swift */; };
		03CC14E91C32FF1F00831F1A /* AccountController.swift in Sources */ = {isa = PBXBuildFile; fileRef = 03CC14E81C32FF1F00831F1A /* AccountController.swift */; };
		03CC14EC1C335D4E00831F1A /* ShareController.swift in Sources */ = {isa = PBXBuildFile; fileRef = 03CC14EA1C335D4E00831F1A /* ShareController.swift */; };
		03CC14ED1C335D4E00831F1A /* ShareController.xib in Resources */ = {isa = PBXBuildFile; fileRef = 03CC14EB1C335D4E00831F1A /* ShareController.xib */; };
		03CC14F01C34459500831F1A /* SocialUserCell.swift in Sources */ = {isa = PBXBuildFile; fileRef = 03CC14EE1C34459500831F1A /* SocialUserCell.swift */; };
		03CC14F11C34459500831F1A /* SocialUserCell.xib in Resources */ = {isa = PBXBuildFile; fileRef = 03CC14EF1C34459500831F1A /* SocialUserCell.xib */; };
		03CC14F61C36CF3200831F1A /* SettingsCell.swift in Sources */ = {isa = PBXBuildFile; fileRef = 03CC14F41C36CF3200831F1A /* SettingsCell.swift */; };
		03CC14F71C36CF3200831F1A /* SettingsCell.xib in Resources */ = {isa = PBXBuildFile; fileRef = 03CC14F51C36CF3200831F1A /* SettingsCell.xib */; };
		03DD15DD1C059BBF0099C497 /* CoreDataManager.swift in Sources */ = {isa = PBXBuildFile; fileRef = 03DD15DC1C059BBF0099C497 /* CoreDataManager.swift */; };
		03DD15DF1C05A1780099C497 /* Habit.swift in Sources */ = {isa = PBXBuildFile; fileRef = 03DD15DE1C05A1780099C497 /* Habit.swift */; };
		03DF8E301B602A3000C6DC78 /* SignupViewController.swift in Sources */ = {isa = PBXBuildFile; fileRef = 03DF8E2F1B602A3000C6DC78 /* SignupViewController.swift */; };
		03E6F2D91B51998600484DB6 /* HabitualModel.xcdatamodeld in Sources */ = {isa = PBXBuildFile; fileRef = 03E6F2D71B51998600484DB6 /* HabitualModel.xcdatamodeld */; };
		03E6F2E31B51A23400484DB6 /* HabitCoreData.swift in Sources */ = {isa = PBXBuildFile; fileRef = 03E6F2E21B51A23400484DB6 /* HabitCoreData.swift */; };
		03E99C9B1B545D3800E93D82 /* HabitDetailController.swift in Sources */ = {isa = PBXBuildFile; fileRef = 03E99C9A1B545D3800E93D82 /* HabitDetailController.swift */; };
		03E9F81A1C37384C008EC91A /* InviteCell.swift in Sources */ = {isa = PBXBuildFile; fileRef = 03E9F8181C37384C008EC91A /* InviteCell.swift */; };
		03E9F81B1C37384C008EC91A /* InviteCell.xib in Resources */ = {isa = PBXBuildFile; fileRef = 03E9F8191C37384C008EC91A /* InviteCell.xib */; };
		03EBFE551BC9972600F0777C /* Alamofire.framework in Frameworks */ = {isa = PBXBuildFile; fileRef = 03EBFE4D1BC9972600F0777C /* Alamofire.framework */; };
		03EBFE571BC9972600F0777C /* DZNEmptyDataSet.framework in Frameworks */ = {isa = PBXBuildFile; fileRef = 03EBFE4F1BC9972600F0777C /* DZNEmptyDataSet.framework */; };
		03EBFE581BC9972600F0777C /* Locksmith.framework in Frameworks */ = {isa = PBXBuildFile; fileRef = 03EBFE501BC9972600F0777C /* Locksmith.framework */; };
		03EBFE591BC9972600F0777C /* Parse.framework in Frameworks */ = {isa = PBXBuildFile; fileRef = 03EBFE511BC9972600F0777C /* Parse.framework */; };
		03EBFE5B1BC9972600F0777C /* SwiftyJSON.framework in Frameworks */ = {isa = PBXBuildFile; fileRef = 03EBFE531BC9972600F0777C /* SwiftyJSON.framework */; };
		03EBFE5C1BC9972600F0777C /* Timepiece.framework in Frameworks */ = {isa = PBXBuildFile; fileRef = 03EBFE541BC9972600F0777C /* Timepiece.framework */; };
		03ECDE3A1BF969A700B9F9E7 /* IconCell.swift in Sources */ = {isa = PBXBuildFile; fileRef = 03ECDE391BF969A700B9F9E7 /* IconCell.swift */; };
		03ECDE3C1BF969C200B9F9E7 /* ColorCell.swift in Sources */ = {isa = PBXBuildFile; fileRef = 03ECDE3B1BF969C200B9F9E7 /* ColorCell.swift */; };
		03ECDE3E1BF969CD00B9F9E7 /* RepeatCell.swift in Sources */ = {isa = PBXBuildFile; fileRef = 03ECDE3D1BF969CD00B9F9E7 /* RepeatCell.swift */; };
		03ECDE401BF969D700B9F9E7 /* DaysCell.swift in Sources */ = {isa = PBXBuildFile; fileRef = 03ECDE3F1BF969D700B9F9E7 /* DaysCell.swift */; };
		03ECDE421BF969F700B9F9E7 /* TimesCell.swift in Sources */ = {isa = PBXBuildFile; fileRef = 03ECDE411BF969F700B9F9E7 /* TimesCell.swift */; };
		03ECDE441BF96A0000B9F9E7 /* ConnectionCell.swift in Sources */ = {isa = PBXBuildFile; fileRef = 03ECDE431BF96A0000B9F9E7 /* ConnectionCell.swift */; };
		03ECDE461BF96A2300B9F9E7 /* AccountabilityCell.swift in Sources */ = {isa = PBXBuildFile; fileRef = 03ECDE451BF96A2300B9F9E7 /* AccountabilityCell.swift */; };
		03ECDE481BF96A3400B9F9E7 /* ConnectionsHeaderCell.swift in Sources */ = {isa = PBXBuildFile; fileRef = 03ECDE471BF96A3400B9F9E7 /* ConnectionsHeaderCell.swift */; };
		03ECDE4A1BF96A5800B9F9E7 /* NameCell.swift in Sources */ = {isa = PBXBuildFile; fileRef = 03ECDE491BF96A5800B9F9E7 /* NameCell.swift */; };
		03ECDE4E1BF96F1900B9F9E7 /* HabitDetailCell.swift in Sources */ = {isa = PBXBuildFile; fileRef = 03ECDE4D1BF96F1900B9F9E7 /* HabitDetailCell.swift */; };
		03ECDE551BF99BDA00B9F9E7 /* UIColor+Hex.swift in Sources */ = {isa = PBXBuildFile; fileRef = 03ECDE541BF99BDA00B9F9E7 /* UIColor+Hex.swift */; };
		7005971548E4B2405F8B53F4 /* Pods.framework in Frameworks */ = {isa = PBXBuildFile; fileRef = 37BDF06A9F97547913E3FEF7 /* Pods.framework */; };
/* End PBXBuildFile section */

/* Begin PBXContainerItemProxy section */
		031D28131B29D1300060263A /* PBXContainerItemProxy */ = {
			isa = PBXContainerItemProxy;
			containerPortal = 031D27F51B29D1300060263A /* Project object */;
			proxyType = 1;
			remoteGlobalIDString = 031D27FC1B29D1300060263A;
			remoteInfo = Habitual;
		};
/* End PBXContainerItemProxy section */

/* Begin PBXFileReference section */
		0317811B1CA497940092EC2C /* UIDeviceHardware.h */ = {isa = PBXFileReference; fileEncoding = 4; lastKnownFileType = sourcecode.c.h; path = UIDeviceHardware.h; sourceTree = "<group>"; };
		0317811C1CA497940092EC2C /* UIDeviceHardware.m */ = {isa = PBXFileReference; fileEncoding = 4; lastKnownFileType = sourcecode.c.objc; path = UIDeviceHardware.m; sourceTree = "<group>"; };
		0317811E1CA4A33E0092EC2C /* SCLAlertView.swift */ = {isa = PBXFileReference; fileEncoding = 4; lastKnownFileType = sourcecode.swift; path = SCLAlertView.swift; sourceTree = "<group>"; };
		031D27FD1B29D1300060263A /* Ignite.app */ = {isa = PBXFileReference; explicitFileType = wrapper.application; includeInIndex = 0; path = Ignite.app; sourceTree = BUILT_PRODUCTS_DIR; };
		031D28011B29D1300060263A /* Info.plist */ = {isa = PBXFileReference; lastKnownFileType = text.plist.xml; path = Info.plist; sourceTree = "<group>"; };
		031D28021B29D1300060263A /* AppDelegate.swift */ = {isa = PBXFileReference; lastKnownFileType = sourcecode.swift; path = AppDelegate.swift; sourceTree = "<group>"; };
		031D28071B29D1300060263A /* Base */ = {isa = PBXFileReference; lastKnownFileType = file.storyboard; name = Base; path = Base.lproj/Main.storyboard; sourceTree = "<group>"; };
		031D28091B29D1300060263A /* Images.xcassets */ = {isa = PBXFileReference; lastKnownFileType = folder.assetcatalog; path = Images.xcassets; sourceTree = "<group>"; };
		031D280C1B29D1300060263A /* Base */ = {isa = PBXFileReference; lastKnownFileType = file.xib; name = Base; path = Base.lproj/LaunchScreen.xib; sourceTree = "<group>"; };
		031D28121B29D1300060263A /* Ignite.xctest */ = {isa = PBXFileReference; explicitFileType = wrapper.cfbundle; includeInIndex = 0; path = Ignite.xctest; sourceTree = BUILT_PRODUCTS_DIR; };
		031D28171B29D1300060263A /* Info.plist */ = {isa = PBXFileReference; lastKnownFileType = text.plist.xml; path = Info.plist; sourceTree = "<group>"; };
		031D28181B29D1300060263A /* HabitualTests.swift */ = {isa = PBXFileReference; lastKnownFileType = sourcecode.swift; path = HabitualTests.swift; sourceTree = "<group>"; };
		0322F18D1C48B9D6005A5B16 /* UIImageView+AsyncDownload.swift */ = {isa = PBXFileReference; fileEncoding = 4; lastKnownFileType = sourcecode.swift; path = "UIImageView+AsyncDownload.swift"; sourceTree = "<group>"; };
		032EEBE71BF81C3C0094F179 /* UIAppearance+Swift.h */ = {isa = PBXFileReference; fileEncoding = 4; lastKnownFileType = sourcecode.c.h; path = "UIAppearance+Swift.h"; sourceTree = "<group>"; };
		032EEBE81BF81C3C0094F179 /* UIAppearance+Swift.m */ = {isa = PBXFileReference; fileEncoding = 4; lastKnownFileType = sourcecode.c.objc; path = "UIAppearance+Swift.m"; sourceTree = "<group>"; };
		0336741D1BCF477500AA87C2 /* SecretConstants.swift */ = {isa = PBXFileReference; fileEncoding = 4; lastKnownFileType = sourcecode.swift; path = SecretConstants.swift; sourceTree = "<group>"; };
		033DE64D1BF1A94C00842C03 /* Styler.swift */ = {isa = PBXFileReference; fileEncoding = 4; lastKnownFileType = sourcecode.swift; path = Styler.swift; sourceTree = "<group>"; };
		033DE6541BF1BA5900842C03 /* UserCell.xib */ = {isa = PBXFileReference; fileEncoding = 4; lastKnownFileType = file.xib; path = UserCell.xib; sourceTree = "<group>"; };
		033DE65D1BF1BEB800842C03 /* HabitHomeCell.swift */ = {isa = PBXFileReference; fileEncoding = 4; lastKnownFileType = sourcecode.swift; path = HabitHomeCell.swift; sourceTree = "<group>"; };
		033DE65E1BF1BEB800842C03 /* HabitHomeCell.xib */ = {isa = PBXFileReference; fileEncoding = 4; lastKnownFileType = file.xib; path = HabitHomeCell.xib; sourceTree = "<group>"; };
		034ADC0B1BFAC6F700593C4E /* StatCell.swift */ = {isa = PBXFileReference; fileEncoding = 4; lastKnownFileType = sourcecode.swift; path = StatCell.swift; sourceTree = "<group>"; };
		034ADC0D1BFC365500593C4E /* SettingsViewController.swift */ = {isa = PBXFileReference; fileEncoding = 4; lastKnownFileType = sourcecode.swift; path = SettingsViewController.swift; sourceTree = "<group>"; };
		034ADC0F1BFD444D00593C4E /* ConnectionChatViewController.swift */ = {isa = PBXFileReference; fileEncoding = 4; lastKnownFileType = sourcecode.swift; path = ConnectionChatViewController.swift; sourceTree = "<group>"; };
		034ADC111BFD77E600593C4E /* Connection.swift */ = {isa = PBXFileReference; fileEncoding = 4; lastKnownFileType = sourcecode.swift; path = Connection.swift; sourceTree = "<group>"; };
		034ADC131BFD77F100593C4E /* Message.swift */ = {isa = PBXFileReference; fileEncoding = 4; lastKnownFileType = sourcecode.swift; path = Message.swift; sourceTree = "<group>"; };
		034ADC151BFD804300593C4E /* ParseObject.swift */ = {isa = PBXFileReference; fileEncoding = 4; lastKnownFileType = sourcecode.swift; path = ParseObject.swift; sourceTree = "<group>"; };
		034ADC171BFD828700593C4E /* User+Web.swift */ = {isa = PBXFileReference; fileEncoding = 4; lastKnownFileType = sourcecode.swift; path = "User+Web.swift"; sourceTree = "<group>"; };
		034E13241C07E61F00EC3BCC /* Habit+Web.swift */ = {isa = PBXFileReference; fileEncoding = 4; lastKnownFileType = sourcecode.swift; path = "Habit+Web.swift"; sourceTree = "<group>"; };
		034E13281C07E68F00EC3BCC /* NotificationSetting.swift */ = {isa = PBXFileReference; fileEncoding = 4; lastKnownFileType = sourcecode.swift; path = NotificationSetting.swift; sourceTree = "<group>"; };
		034E132C1C07E6F400EC3BCC /* Frequency.swift */ = {isa = PBXFileReference; fileEncoding = 4; lastKnownFileType = sourcecode.swift; path = Frequency.swift; sourceTree = "<group>"; };
		034E132E1C07EE7400EC3BCC /* TimeOfDay.swift */ = {isa = PBXFileReference; fileEncoding = 4; lastKnownFileType = sourcecode.swift; path = TimeOfDay.swift; sourceTree = "<group>"; };
		034E13301C07F1E100EC3BCC /* Habit+CoreData.swift */ = {isa = PBXFileReference; fileEncoding = 4; lastKnownFileType = sourcecode.swift; path = "Habit+CoreData.swift"; sourceTree = "<group>"; };
		0350ED971C5041F800CECE5A /* UserCell.swift */ = {isa = PBXFileReference; fileEncoding = 4; lastKnownFileType = sourcecode.swift; path = UserCell.swift; sourceTree = "<group>"; };
		0350ED9D1C506AFF00CECE5A /* DatePickerCell.swift */ = {isa = PBXFileReference; fileEncoding = 4; lastKnownFileType = sourcecode.swift; path = DatePickerCell.swift; sourceTree = "<group>"; };
		0350ED9E1C506AFF00CECE5A /* DatePickerCell.xib */ = {isa = PBXFileReference; fileEncoding = 4; lastKnownFileType = file.xib; path = DatePickerCell.xib; sourceTree = "<group>"; };
		0355D10D1B5D786200EA8185 /* NetworkTableViewController.swift */ = {isa = PBXFileReference; fileEncoding = 4; lastKnownFileType = sourcecode.swift; path = NetworkTableViewController.swift; sourceTree = "<group>"; };
		0355D10F1B5D786D00EA8185 /* UserViewController.swift */ = {isa = PBXFileReference; fileEncoding = 4; lastKnownFileType = sourcecode.swift; path = UserViewController.swift; sourceTree = "<group>"; };
		037610931C2F61C100B3E9F2 /* HabitGlanceCell.swift */ = {isa = PBXFileReference; fileEncoding = 4; lastKnownFileType = sourcecode.swift; path = HabitGlanceCell.swift; sourceTree = "<group>"; };
		037610941C2F61C100B3E9F2 /* HabitGlanceCell.xib */ = {isa = PBXFileReference; fileEncoding = 4; lastKnownFileType = file.xib; path = HabitGlanceCell.xib; sourceTree = "<group>"; };
		039437731C04264800E8566D /* NotificationHandler.swift */ = {isa = PBXFileReference; fileEncoding = 4; lastKnownFileType = sourcecode.swift; path = NotificationHandler.swift; sourceTree = "<group>"; };
		039BFC021B2AD1C7006EAFD9 /* WebManager.swift */ = {isa = PBXFileReference; fileEncoding = 4; lastKnownFileType = sourcecode.swift; path = WebManager.swift; sourceTree = "<group>"; };
		039BFC041B2AD1DF006EAFD9 /* AuthManager.swift */ = {isa = PBXFileReference; fileEncoding = 4; lastKnownFileType = sourcecode.swift; path = AuthManager.swift; sourceTree = "<group>"; };
		039BFC071B2AD1F9006EAFD9 /* Constants.swift */ = {isa = PBXFileReference; fileEncoding = 4; lastKnownFileType = sourcecode.swift; path = Constants.swift; sourceTree = "<group>"; };
		039BFC091B2AD234006EAFD9 /* Utilities.swift */ = {isa = PBXFileReference; fileEncoding = 4; lastKnownFileType = sourcecode.swift; path = Utilities.swift; sourceTree = "<group>"; };
		039BFC0D1B2AE10B006EAFD9 /* User.swift */ = {isa = PBXFileReference; fileEncoding = 4; lastKnownFileType = sourcecode.swift; path = User.swift; sourceTree = "<group>"; };
		039DBF461C14F0D9000EED3B /* ConnectionChatViewFlowLayout.swift */ = {isa = PBXFileReference; fileEncoding = 4; lastKnownFileType = sourcecode.swift; path = ConnectionChatViewFlowLayout.swift; sourceTree = "<group>"; };
		03ADD4E91CA31683000C8475 /* Bolts.framework */ = {isa = PBXFileReference; lastKnownFileType = wrapper.framework; name = Bolts.framework; path = "../../Library/Developer/Xcode/DerivedData/Ignite-ddrdpiczwlinfsapptqihlsfhyhb/Build/Products/Debug-iphoneos/Bolts.framework"; sourceTree = "<group>"; };
		03ADD4EA1CA31683000C8475 /* FBSDKCoreKit.framework */ = {isa = PBXFileReference; lastKnownFileType = wrapper.framework; name = FBSDKCoreKit.framework; path = "../../Library/Developer/Xcode/DerivedData/Ignite-ddrdpiczwlinfsapptqihlsfhyhb/Build/Products/Debug-iphoneos/FBSDKCoreKit.framework"; sourceTree = "<group>"; };
		03ADD4ED1CA32BBF000C8475 /* CVCalendarView+Refresh.swift */ = {isa = PBXFileReference; fileEncoding = 4; lastKnownFileType = sourcecode.swift; path = "CVCalendarView+Refresh.swift"; sourceTree = "<group>"; };
		03B488111B509C390077E601 /* HabitCell.swift */ = {isa = PBXFileReference; fileEncoding = 4; lastKnownFileType = sourcecode.swift; path = HabitCell.swift; sourceTree = "<group>"; };
		03B488121B509C390077E601 /* HabitCell.xib */ = {isa = PBXFileReference; fileEncoding = 4; lastKnownFileType = file.xib; path = HabitCell.xib; sourceTree = "<group>"; };
		03B488151B509CAA0077E601 /* CalendarViewController.swift */ = {isa = PBXFileReference; fileEncoding = 4; lastKnownFileType = sourcecode.swift; path = CalendarViewController.swift; sourceTree = "<group>"; };
		03BA13441B5DB82900504A63 /* MainTabBarController.swift */ = {isa = PBXFileReference; fileEncoding = 4; lastKnownFileType = sourcecode.swift; path = MainTabBarController.swift; sourceTree = "<group>"; };
		03BA13461B5EEB8300504A63 /* LocalNotificationManager.swift */ = {isa = PBXFileReference; fileEncoding = 4; lastKnownFileType = sourcecode.swift; path = LocalNotificationManager.swift; sourceTree = "<group>"; };
		03C8A3491BD1F2C3006E16B2 /* Ignite-Bridging-Header.h */ = {isa = PBXFileReference; fileEncoding = 4; lastKnownFileType = sourcecode.c.h; path = "Ignite-Bridging-Header.h"; sourceTree = "<group>"; };
		03CB427D1BC9C76D00B13DE7 /* SelectConnectionsTableViewController.swift */ = {isa = PBXFileReference; fileEncoding = 4; lastKnownFileType = sourcecode.swift; path = SelectConnectionsTableViewController.swift; sourceTree = "<group>"; };
		03CC14E81C32FF1F00831F1A /* AccountController.swift */ = {isa = PBXFileReference; fileEncoding = 4; lastKnownFileType = sourcecode.swift; path = AccountController.swift; sourceTree = "<group>"; };
		03CC14EA1C335D4E00831F1A /* ShareController.swift */ = {isa = PBXFileReference; fileEncoding = 4; lastKnownFileType = sourcecode.swift; path = ShareController.swift; sourceTree = "<group>"; };
		03CC14EB1C335D4E00831F1A /* ShareController.xib */ = {isa = PBXFileReference; fileEncoding = 4; lastKnownFileType = file.xib; path = ShareController.xib; sourceTree = "<group>"; };
		03CC14EE1C34459500831F1A /* SocialUserCell.swift */ = {isa = PBXFileReference; fileEncoding = 4; lastKnownFileType = sourcecode.swift; path = SocialUserCell.swift; sourceTree = "<group>"; };
		03CC14EF1C34459500831F1A /* SocialUserCell.xib */ = {isa = PBXFileReference; fileEncoding = 4; lastKnownFileType = file.xib; path = SocialUserCell.xib; sourceTree = "<group>"; };
		03CC14F41C36CF3200831F1A /* SettingsCell.swift */ = {isa = PBXFileReference; fileEncoding = 4; lastKnownFileType = sourcecode.swift; path = SettingsCell.swift; sourceTree = "<group>"; };
		03CC14F51C36CF3200831F1A /* SettingsCell.xib */ = {isa = PBXFileReference; fileEncoding = 4; lastKnownFileType = file.xib; path = SettingsCell.xib; sourceTree = "<group>"; };
		03DD15DC1C059BBF0099C497 /* CoreDataManager.swift */ = {isa = PBXFileReference; fileEncoding = 4; lastKnownFileType = sourcecode.swift; path = CoreDataManager.swift; sourceTree = "<group>"; };
		03DD15DE1C05A1780099C497 /* Habit.swift */ = {isa = PBXFileReference; fileEncoding = 4; lastKnownFileType = sourcecode.swift; path = Habit.swift; sourceTree = "<group>"; };
		03DF8E171B5F191B00C6DC78 /* Accounts.framework */ = {isa = PBXFileReference; lastKnownFileType = wrapper.framework; name = Accounts.framework; path = System/Library/Frameworks/Accounts.framework; sourceTree = SDKROOT; };
		03DF8E191B5F192000C6DC78 /* AudioToolbox.framework */ = {isa = PBXFileReference; lastKnownFileType = wrapper.framework; name = AudioToolbox.framework; path = System/Library/Frameworks/AudioToolbox.framework; sourceTree = SDKROOT; };
		03DF8E1B1B5F192700C6DC78 /* CFNetwork.framework */ = {isa = PBXFileReference; lastKnownFileType = wrapper.framework; name = CFNetwork.framework; path = System/Library/Frameworks/CFNetwork.framework; sourceTree = SDKROOT; };
		03DF8E1D1B5F193100C6DC78 /* CoreGraphics.framework */ = {isa = PBXFileReference; lastKnownFileType = wrapper.framework; name = CoreGraphics.framework; path = System/Library/Frameworks/CoreGraphics.framework; sourceTree = SDKROOT; };
		03DF8E1F1B5F193500C6DC78 /* CoreLocation.framework */ = {isa = PBXFileReference; lastKnownFileType = wrapper.framework; name = CoreLocation.framework; path = System/Library/Frameworks/CoreLocation.framework; sourceTree = SDKROOT; };
		03DF8E211B5F193E00C6DC78 /* QuartzCore.framework */ = {isa = PBXFileReference; lastKnownFileType = wrapper.framework; name = QuartzCore.framework; path = System/Library/Frameworks/QuartzCore.framework; sourceTree = SDKROOT; };
		03DF8E231B5F194400C6DC78 /* Security.framework */ = {isa = PBXFileReference; lastKnownFileType = wrapper.framework; name = Security.framework; path = System/Library/Frameworks/Security.framework; sourceTree = SDKROOT; };
		03DF8E251B5F194800C6DC78 /* Social.framework */ = {isa = PBXFileReference; lastKnownFileType = wrapper.framework; name = Social.framework; path = System/Library/Frameworks/Social.framework; sourceTree = SDKROOT; };
		03DF8E271B5F195100C6DC78 /* StoreKit.framework */ = {isa = PBXFileReference; lastKnownFileType = wrapper.framework; name = StoreKit.framework; path = System/Library/Frameworks/StoreKit.framework; sourceTree = SDKROOT; };
		03DF8E291B5F195700C6DC78 /* SystemConfiguration.framework */ = {isa = PBXFileReference; lastKnownFileType = wrapper.framework; name = SystemConfiguration.framework; path = System/Library/Frameworks/SystemConfiguration.framework; sourceTree = SDKROOT; };
		03DF8E2B1B5F196000C6DC78 /* libz.dylib */ = {isa = PBXFileReference; lastKnownFileType = "compiled.mach-o.dylib"; name = libz.dylib; path = usr/lib/libz.dylib; sourceTree = SDKROOT; };
		03DF8E2D1B5F196800C6DC78 /* libsqlite3.dylib */ = {isa = PBXFileReference; lastKnownFileType = "compiled.mach-o.dylib"; name = libsqlite3.dylib; path = usr/lib/libsqlite3.dylib; sourceTree = SDKROOT; };
		03DF8E2F1B602A3000C6DC78 /* SignupViewController.swift */ = {isa = PBXFileReference; fileEncoding = 4; lastKnownFileType = sourcecode.swift; path = SignupViewController.swift; sourceTree = "<group>"; };
		03E6F2D81B51998600484DB6 /* HabitualModel.xcdatamodel */ = {isa = PBXFileReference; lastKnownFileType = wrapper.xcdatamodel; path = HabitualModel.xcdatamodel; sourceTree = "<group>"; };
		03E6F2E21B51A23400484DB6 /* HabitCoreData.swift */ = {isa = PBXFileReference; fileEncoding = 4; lastKnownFileType = sourcecode.swift; path = HabitCoreData.swift; sourceTree = "<group>"; };
		03E99C9A1B545D3800E93D82 /* HabitDetailController.swift */ = {isa = PBXFileReference; fileEncoding = 4; lastKnownFileType = sourcecode.swift; path = HabitDetailController.swift; sourceTree = "<group>"; };
		03E9F8181C37384C008EC91A /* InviteCell.swift */ = {isa = PBXFileReference; fileEncoding = 4; lastKnownFileType = sourcecode.swift; path = InviteCell.swift; sourceTree = "<group>"; };
		03E9F8191C37384C008EC91A /* InviteCell.xib */ = {isa = PBXFileReference; fileEncoding = 4; lastKnownFileType = file.xib; path = InviteCell.xib; sourceTree = "<group>"; };
		03EBFE3B1BC9943800F0777C /* Alamofire.framework */ = {isa = PBXFileReference; lastKnownFileType = wrapper.framework; name = Alamofire.framework; path = "Pods/../build/Debug-iphoneos/Alamofire.framework"; sourceTree = "<group>"; };
		03EBFE3D1BC9949800F0777C /* Alamofire.framework */ = {isa = PBXFileReference; lastKnownFileType = wrapper.framework; name = Alamofire.framework; path = "Pods/../build/Debug-iphoneos/Alamofire.framework"; sourceTree = "<group>"; };
		03EBFE4B1BC9966800F0777C /* Alamofire.framework */ = {isa = PBXFileReference; lastKnownFileType = wrapper.framework; name = Alamofire.framework; path = "Pods/../build/Release-iphoneos/Alamofire.framework"; sourceTree = "<group>"; };
		03EBFE4D1BC9972600F0777C /* Alamofire.framework */ = {isa = PBXFileReference; lastKnownFileType = wrapper.framework; name = Alamofire.framework; path = "Pods/../build/Release-iphoneos/Alamofire.framework"; sourceTree = "<group>"; };
		03EBFE4E1BC9972600F0777C /* Bolts.framework */ = {isa = PBXFileReference; lastKnownFileType = wrapper.framework; name = Bolts.framework; path = "Pods/../build/Debug-iphoneos/Bolts.framework"; sourceTree = "<group>"; };
		03EBFE4F1BC9972600F0777C /* DZNEmptyDataSet.framework */ = {isa = PBXFileReference; lastKnownFileType = wrapper.framework; name = DZNEmptyDataSet.framework; path = "Pods/../build/Debug-iphoneos/DZNEmptyDataSet.framework"; sourceTree = "<group>"; };
		03EBFE501BC9972600F0777C /* Locksmith.framework */ = {isa = PBXFileReference; lastKnownFileType = wrapper.framework; name = Locksmith.framework; path = "Pods/../build/Debug-iphoneos/Locksmith.framework"; sourceTree = "<group>"; };
		03EBFE511BC9972600F0777C /* Parse.framework */ = {isa = PBXFileReference; lastKnownFileType = wrapper.framework; name = Parse.framework; path = "Pods/../build/Debug-iphoneos/Parse.framework"; sourceTree = "<group>"; };
		03EBFE521BC9972600F0777C /* Pods.framework */ = {isa = PBXFileReference; lastKnownFileType = wrapper.framework; name = Pods.framework; path = "Pods/../build/Debug-iphoneos/Pods.framework"; sourceTree = "<group>"; };
		03EBFE531BC9972600F0777C /* SwiftyJSON.framework */ = {isa = PBXFileReference; lastKnownFileType = wrapper.framework; name = SwiftyJSON.framework; path = "Pods/../build/Debug-iphoneos/SwiftyJSON.framework"; sourceTree = "<group>"; };
		03EBFE541BC9972600F0777C /* Timepiece.framework */ = {isa = PBXFileReference; lastKnownFileType = wrapper.framework; name = Timepiece.framework; path = "Pods/../build/Debug-iphoneos/Timepiece.framework"; sourceTree = "<group>"; };
		03ECDE391BF969A700B9F9E7 /* IconCell.swift */ = {isa = PBXFileReference; fileEncoding = 4; lastKnownFileType = sourcecode.swift; path = IconCell.swift; sourceTree = "<group>"; };
		03ECDE3B1BF969C200B9F9E7 /* ColorCell.swift */ = {isa = PBXFileReference; fileEncoding = 4; lastKnownFileType = sourcecode.swift; path = ColorCell.swift; sourceTree = "<group>"; };
		03ECDE3D1BF969CD00B9F9E7 /* RepeatCell.swift */ = {isa = PBXFileReference; fileEncoding = 4; lastKnownFileType = sourcecode.swift; path = RepeatCell.swift; sourceTree = "<group>"; };
		03ECDE3F1BF969D700B9F9E7 /* DaysCell.swift */ = {isa = PBXFileReference; fileEncoding = 4; lastKnownFileType = sourcecode.swift; path = DaysCell.swift; sourceTree = "<group>"; };
		03ECDE411BF969F700B9F9E7 /* TimesCell.swift */ = {isa = PBXFileReference; fileEncoding = 4; lastKnownFileType = sourcecode.swift; path = TimesCell.swift; sourceTree = "<group>"; };
		03ECDE431BF96A0000B9F9E7 /* ConnectionCell.swift */ = {isa = PBXFileReference; fileEncoding = 4; lastKnownFileType = sourcecode.swift; path = ConnectionCell.swift; sourceTree = "<group>"; };
		03ECDE451BF96A2300B9F9E7 /* AccountabilityCell.swift */ = {isa = PBXFileReference; fileEncoding = 4; lastKnownFileType = sourcecode.swift; path = AccountabilityCell.swift; sourceTree = "<group>"; };
		03ECDE471BF96A3400B9F9E7 /* ConnectionsHeaderCell.swift */ = {isa = PBXFileReference; fileEncoding = 4; lastKnownFileType = sourcecode.swift; path = ConnectionsHeaderCell.swift; sourceTree = "<group>"; };
		03ECDE491BF96A5800B9F9E7 /* NameCell.swift */ = {isa = PBXFileReference; fileEncoding = 4; lastKnownFileType = sourcecode.swift; path = NameCell.swift; sourceTree = "<group>"; };
		03ECDE4D1BF96F1900B9F9E7 /* HabitDetailCell.swift */ = {isa = PBXFileReference; fileEncoding = 4; lastKnownFileType = sourcecode.swift; path = HabitDetailCell.swift; sourceTree = "<group>"; };
		03ECDE541BF99BDA00B9F9E7 /* UIColor+Hex.swift */ = {isa = PBXFileReference; fileEncoding = 4; lastKnownFileType = sourcecode.swift; path = "UIColor+Hex.swift"; sourceTree = "<group>"; };
		37BDF06A9F97547913E3FEF7 /* Pods.framework */ = {isa = PBXFileReference; explicitFileType = wrapper.framework; includeInIndex = 0; path = Pods.framework; sourceTree = BUILT_PRODUCTS_DIR; };
		563879E4DCD5B2EAC7D169DD /* Pods.release.xcconfig */ = {isa = PBXFileReference; includeInIndex = 1; lastKnownFileType = text.xcconfig; name = Pods.release.xcconfig; path = "Pods/Target Support Files/Pods/Pods.release.xcconfig"; sourceTree = "<group>"; };
		6B3F56EE0E5812EF7F9BA1E7 /* Pods.debug.xcconfig */ = {isa = PBXFileReference; includeInIndex = 1; lastKnownFileType = text.xcconfig; name = Pods.debug.xcconfig; path = "Pods/Target Support Files/Pods/Pods.debug.xcconfig"; sourceTree = "<group>"; };
/* End PBXFileReference section */

/* Begin PBXFrameworksBuildPhase section */
		031D27FA1B29D1300060263A /* Frameworks */ = {
			isa = PBXFrameworksBuildPhase;
			buildActionMask = 2147483647;
			files = (
				03EBFE551BC9972600F0777C /* Alamofire.framework in Frameworks */,
				03EBFE571BC9972600F0777C /* DZNEmptyDataSet.framework in Frameworks */,
				03EBFE581BC9972600F0777C /* Locksmith.framework in Frameworks */,
				03EBFE591BC9972600F0777C /* Parse.framework in Frameworks */,
				03EBFE5B1BC9972600F0777C /* SwiftyJSON.framework in Frameworks */,
				03EBFE5C1BC9972600F0777C /* Timepiece.framework in Frameworks */,
				7005971548E4B2405F8B53F4 /* Pods.framework in Frameworks */,
			);
			runOnlyForDeploymentPostprocessing = 0;
		};
		031D280F1B29D1300060263A /* Frameworks */ = {
			isa = PBXFrameworksBuildPhase;
			buildActionMask = 2147483647;
			files = (
			);
			runOnlyForDeploymentPostprocessing = 0;
		};
/* End PBXFrameworksBuildPhase section */

/* Begin PBXGroup section */
		031D27F41B29D1300060263A = {
			isa = PBXGroup;
			children = (
				031D27FF1B29D1300060263A /* Habitual */,
				031D28151B29D1300060263A /* HabitualTests */,
				031D27FE1B29D1300060263A /* Products */,
				A7BCFA7EFDD6DA07080E4878 /* Frameworks */,
				566B0A2AF5872A2C0665C670 /* Pods */,
			);
			sourceTree = "<group>";
		};
		031D27FE1B29D1300060263A /* Products */ = {
			isa = PBXGroup;
			children = (
				031D27FD1B29D1300060263A /* Ignite.app */,
				031D28121B29D1300060263A /* Ignite.xctest */,
			);
			name = Products;
			sourceTree = "<group>";
		};
		031D27FF1B29D1300060263A /* Habitual */ = {
			isa = PBXGroup;
			children = (
				031D28021B29D1300060263A /* AppDelegate.swift */,
				031D28221B29D4BA0060263A /* Models */,
				031D28231B29D4C10060263A /* Views */,
				031D28241B29D4C60060263A /* Controllers */,
				031D28251B29D57F0060263A /* Stores */,
				039BFC061B2AD1E3006EAFD9 /* Helpers */,
				03E6F2D71B51998600484DB6 /* HabitualModel.xcdatamodeld */,
				031D28061B29D1300060263A /* Main.storyboard */,
				031D28091B29D1300060263A /* Images.xcassets */,
				031D280B1B29D1300060263A /* LaunchScreen.xib */,
				031D28001B29D1300060263A /* Supporting Files */,
			);
			path = Habitual;
			sourceTree = "<group>";
		};
		031D28001B29D1300060263A /* Supporting Files */ = {
			isa = PBXGroup;
			children = (
				031D28011B29D1300060263A /* Info.plist */,
			);
			name = "Supporting Files";
			sourceTree = "<group>";
		};
		031D28151B29D1300060263A /* HabitualTests */ = {
			isa = PBXGroup;
			children = (
				031D28181B29D1300060263A /* HabitualTests.swift */,
				031D28161B29D1300060263A /* Supporting Files */,
			);
			path = HabitualTests;
			sourceTree = "<group>";
		};
		031D28161B29D1300060263A /* Supporting Files */ = {
			isa = PBXGroup;
			children = (
				031D28171B29D1300060263A /* Info.plist */,
			);
			name = "Supporting Files";
			sourceTree = "<group>";
		};
		031D28221B29D4BA0060263A /* Models */ = {
			isa = PBXGroup;
			children = (
				034E13271C07E66500EC3BCC /* Enums */,
				03E6F2E21B51A23400484DB6 /* HabitCoreData.swift */,
				039BFC0D1B2AE10B006EAFD9 /* User.swift */,
				034ADC111BFD77E600593C4E /* Connection.swift */,
				034ADC131BFD77F100593C4E /* Message.swift */,
				034ADC151BFD804300593C4E /* ParseObject.swift */,
				03DD15DE1C05A1780099C497 /* Habit.swift */,
			);
			name = Models;
			sourceTree = "<group>";
		};
		031D28231B29D4C10060263A /* Views */ = {
			isa = PBXGroup;
			children = (
				03ECDE361BF9695000B9F9E7 /* HabitDetailCells */,
				034ADC0B1BFAC6F700593C4E /* StatCell.swift */,
				03B488111B509C390077E601 /* HabitCell.swift */,
				03B488121B509C390077E601 /* HabitCell.xib */,
				0350ED971C5041F800CECE5A /* UserCell.swift */,
				033DE6541BF1BA5900842C03 /* UserCell.xib */,
				033DE65D1BF1BEB800842C03 /* HabitHomeCell.swift */,
				033DE65E1BF1BEB800842C03 /* HabitHomeCell.xib */,
				039DBF461C14F0D9000EED3B /* ConnectionChatViewFlowLayout.swift */,
				037610931C2F61C100B3E9F2 /* HabitGlanceCell.swift */,
				037610941C2F61C100B3E9F2 /* HabitGlanceCell.xib */,
				03CC14EE1C34459500831F1A /* SocialUserCell.swift */,
				03CC14EF1C34459500831F1A /* SocialUserCell.xib */,
				03CC14F41C36CF3200831F1A /* SettingsCell.swift */,
				03CC14F51C36CF3200831F1A /* SettingsCell.xib */,
				0350ED9D1C506AFF00CECE5A /* DatePickerCell.swift */,
				0350ED9E1C506AFF00CECE5A /* DatePickerCell.xib */,
			);
			name = Views;
			sourceTree = "<group>";
		};
		031D28241B29D4C60060263A /* Controllers */ = {
			isa = PBXGroup;
			children = (
				03B488151B509CAA0077E601 /* CalendarViewController.swift */,
				03E99C9A1B545D3800E93D82 /* HabitDetailController.swift */,
				0355D10D1B5D786200EA8185 /* NetworkTableViewController.swift */,
				0355D10F1B5D786D00EA8185 /* UserViewController.swift */,
				03BA13441B5DB82900504A63 /* MainTabBarController.swift */,
				03DF8E2F1B602A3000C6DC78 /* SignupViewController.swift */,
				03CB427D1BC9C76D00B13DE7 /* SelectConnectionsTableViewController.swift */,
				034ADC0D1BFC365500593C4E /* SettingsViewController.swift */,
				034ADC0F1BFD444D00593C4E /* ConnectionChatViewController.swift */,
				03CC14E81C32FF1F00831F1A /* AccountController.swift */,
				03CC14EA1C335D4E00831F1A /* ShareController.swift */,
				03CC14EB1C335D4E00831F1A /* ShareController.xib */,
			);
			name = Controllers;
			sourceTree = "<group>";
		};
		031D28251B29D57F0060263A /* Stores */ = {
			isa = PBXGroup;
			children = (
				039BFC041B2AD1DF006EAFD9 /* AuthManager.swift */,
				039BFC021B2AD1C7006EAFD9 /* WebManager.swift */,
				03DD15DC1C059BBF0099C497 /* CoreDataManager.swift */,
				034ADC171BFD828700593C4E /* User+Web.swift */,
				034E13241C07E61F00EC3BCC /* Habit+Web.swift */,
				034E13301C07F1E100EC3BCC /* Habit+CoreData.swift */,
			);
			name = Stores;
			sourceTree = "<group>";
		};
		034E13271C07E66500EC3BCC /* Enums */ = {
			isa = PBXGroup;
			children = (
				034E13281C07E68F00EC3BCC /* NotificationSetting.swift */,
				034E132C1C07E6F400EC3BCC /* Frequency.swift */,
				034E132E1C07EE7400EC3BCC /* TimeOfDay.swift */,
			);
			name = Enums;
			sourceTree = "<group>";
		};
		034E13321C07F2B500EC3BCC /* Helper Extensions */ = {
			isa = PBXGroup;
			children = (
				032EEBE71BF81C3C0094F179 /* UIAppearance+Swift.h */,
				032EEBE81BF81C3C0094F179 /* UIAppearance+Swift.m */,
				03ECDE541BF99BDA00B9F9E7 /* UIColor+Hex.swift */,
				0322F18D1C48B9D6005A5B16 /* UIImageView+AsyncDownload.swift */,
				03ADD4ED1CA32BBF000C8475 /* CVCalendarView+Refresh.swift */,
			);
			name = "Helper Extensions";
			sourceTree = "<group>";
		};
		039BFC061B2AD1E3006EAFD9 /* Helpers */ = {
			isa = PBXGroup;
			children = (
				034E13321C07F2B500EC3BCC /* Helper Extensions */,
				039BFC071B2AD1F9006EAFD9 /* Constants.swift */,
				0336741D1BCF477500AA87C2 /* SecretConstants.swift */,
				039BFC091B2AD234006EAFD9 /* Utilities.swift */,
				03BA13461B5EEB8300504A63 /* LocalNotificationManager.swift */,
				03C8A3491BD1F2C3006E16B2 /* Ignite-Bridging-Header.h */,
				033DE64D1BF1A94C00842C03 /* Styler.swift */,
				039437731C04264800E8566D /* NotificationHandler.swift */,
				0317811B1CA497940092EC2C /* UIDeviceHardware.h */,
				0317811C1CA497940092EC2C /* UIDeviceHardware.m */,
				0317811E1CA4A33E0092EC2C /* SCLAlertView.swift */,
			);
			name = Helpers;
			sourceTree = "<group>";
		};
		03ECDE361BF9695000B9F9E7 /* HabitDetailCells */ = {
			isa = PBXGroup;
			children = (
				03E9F8181C37384C008EC91A /* InviteCell.swift */,
				03E9F8191C37384C008EC91A /* InviteCell.xib */,
				03ECDE391BF969A700B9F9E7 /* IconCell.swift */,
				03ECDE3B1BF969C200B9F9E7 /* ColorCell.swift */,
				03ECDE3D1BF969CD00B9F9E7 /* RepeatCell.swift */,
				03ECDE3F1BF969D700B9F9E7 /* DaysCell.swift */,
				03ECDE411BF969F700B9F9E7 /* TimesCell.swift */,
				03ECDE431BF96A0000B9F9E7 /* ConnectionCell.swift */,
				03ECDE451BF96A2300B9F9E7 /* AccountabilityCell.swift */,
				03ECDE471BF96A3400B9F9E7 /* ConnectionsHeaderCell.swift */,
				03ECDE491BF96A5800B9F9E7 /* NameCell.swift */,
				03ECDE4D1BF96F1900B9F9E7 /* HabitDetailCell.swift */,
			);
			name = HabitDetailCells;
			sourceTree = "<group>";
		};
		566B0A2AF5872A2C0665C670 /* Pods */ = {
			isa = PBXGroup;
			children = (
				6B3F56EE0E5812EF7F9BA1E7 /* Pods.debug.xcconfig */,
				563879E4DCD5B2EAC7D169DD /* Pods.release.xcconfig */,
			);
			name = Pods;
			sourceTree = "<group>";
		};
		A7BCFA7EFDD6DA07080E4878 /* Frameworks */ = {
			isa = PBXGroup;
			children = (
				03ADD4E91CA31683000C8475 /* Bolts.framework */,
				03ADD4EA1CA31683000C8475 /* FBSDKCoreKit.framework */,
				03EBFE4D1BC9972600F0777C /* Alamofire.framework */,
				03EBFE4E1BC9972600F0777C /* Bolts.framework */,
				03EBFE4F1BC9972600F0777C /* DZNEmptyDataSet.framework */,
				03EBFE501BC9972600F0777C /* Locksmith.framework */,
				03EBFE511BC9972600F0777C /* Parse.framework */,
				03EBFE521BC9972600F0777C /* Pods.framework */,
				03EBFE531BC9972600F0777C /* SwiftyJSON.framework */,
				03EBFE541BC9972600F0777C /* Timepiece.framework */,
				03EBFE4B1BC9966800F0777C /* Alamofire.framework */,
				03EBFE3D1BC9949800F0777C /* Alamofire.framework */,
				03EBFE3B1BC9943800F0777C /* Alamofire.framework */,
				03DF8E2D1B5F196800C6DC78 /* libsqlite3.dylib */,
				03DF8E2B1B5F196000C6DC78 /* libz.dylib */,
				03DF8E291B5F195700C6DC78 /* SystemConfiguration.framework */,
				03DF8E271B5F195100C6DC78 /* StoreKit.framework */,
				03DF8E251B5F194800C6DC78 /* Social.framework */,
				03DF8E231B5F194400C6DC78 /* Security.framework */,
				03DF8E211B5F193E00C6DC78 /* QuartzCore.framework */,
				03DF8E1F1B5F193500C6DC78 /* CoreLocation.framework */,
				03DF8E1D1B5F193100C6DC78 /* CoreGraphics.framework */,
				03DF8E1B1B5F192700C6DC78 /* CFNetwork.framework */,
				03DF8E191B5F192000C6DC78 /* AudioToolbox.framework */,
				03DF8E171B5F191B00C6DC78 /* Accounts.framework */,
				37BDF06A9F97547913E3FEF7 /* Pods.framework */,
			);
			name = Frameworks;
			sourceTree = "<group>";
		};
/* End PBXGroup section */

/* Begin PBXNativeTarget section */
		031D27FC1B29D1300060263A /* Ignite */ = {
			isa = PBXNativeTarget;
			buildConfigurationList = 031D281C1B29D1300060263A /* Build configuration list for PBXNativeTarget "Ignite" */;
			buildPhases = (
				0D1D3B40AA770E0875F10A2B /* Check Pods Manifest.lock */,
				031D27F91B29D1300060263A /* Sources */,
				031D27FA1B29D1300060263A /* Frameworks */,
				031D27FB1B29D1300060263A /* Resources */,
				033AB3691BD00E39006D8D8F /* ShellScript */,
				BEDC9AD3D1C89A53A40AE36A /* Embed Pods Frameworks */,
				93941ACF3677A5D6EF3AC081 /* Copy Pods Resources */,
			);
			buildRules = (
			);
			dependencies = (
			);
			name = Ignite;
			productName = Habitual;
			productReference = 031D27FD1B29D1300060263A /* Ignite.app */;
			productType = "com.apple.product-type.application";
		};
		031D28111B29D1300060263A /* IgniteTests */ = {
			isa = PBXNativeTarget;
			buildConfigurationList = 031D281F1B29D1300060263A /* Build configuration list for PBXNativeTarget "IgniteTests" */;
			buildPhases = (
				031D280E1B29D1300060263A /* Sources */,
				031D280F1B29D1300060263A /* Frameworks */,
				031D28101B29D1300060263A /* Resources */,
			);
			buildRules = (
			);
			dependencies = (
				031D28141B29D1300060263A /* PBXTargetDependency */,
			);
			name = IgniteTests;
			productName = HabitualTests;
			productReference = 031D28121B29D1300060263A /* Ignite.xctest */;
			productType = "com.apple.product-type.bundle.unit-test";
		};
/* End PBXNativeTarget section */

/* Begin PBXProject section */
		031D27F51B29D1300060263A /* Project object */ = {
			isa = PBXProject;
			attributes = {
				LastSwiftMigration = 0700;
				LastSwiftUpdateCheck = 0700;
				LastUpgradeCheck = 0700;
				ORGANIZATIONNAME = "Josh Wright";
				TargetAttributes = {
					031D27FC1B29D1300060263A = {
						CreatedOnToolsVersion = 6.3.2;
						DevelopmentTeam = 7943G7Y9QA;
					};
					031D28111B29D1300060263A = {
						CreatedOnToolsVersion = 6.3.2;
						DevelopmentTeam = 7943G7Y9QA;
						TestTargetID = 031D27FC1B29D1300060263A;
					};
				};
			};
			buildConfigurationList = 031D27F81B29D1300060263A /* Build configuration list for PBXProject "Ignite" */;
			compatibilityVersion = "Xcode 3.2";
			developmentRegion = English;
			hasScannedForEncodings = 0;
			knownRegions = (
				en,
				Base,
			);
			mainGroup = 031D27F41B29D1300060263A;
			productRefGroup = 031D27FE1B29D1300060263A /* Products */;
			projectDirPath = "";
			projectRoot = "";
			targets = (
				031D27FC1B29D1300060263A /* Ignite */,
				031D28111B29D1300060263A /* IgniteTests */,
			);
		};
/* End PBXProject section */

/* Begin PBXResourcesBuildPhase section */
		031D27FB1B29D1300060263A /* Resources */ = {
			isa = PBXResourcesBuildPhase;
			buildActionMask = 2147483647;
			files = (
				031D28081B29D1300060263A /* Main.storyboard in Resources */,
				033DE6561BF1BA5900842C03 /* UserCell.xib in Resources */,
				031D280D1B29D1300060263A /* LaunchScreen.xib in Resources */,
				0350EDA01C506AFF00CECE5A /* DatePickerCell.xib in Resources */,
				03CC14F11C34459500831F1A /* SocialUserCell.xib in Resources */,
				03CC14F71C36CF3200831F1A /* SettingsCell.xib in Resources */,
				03E9F81B1C37384C008EC91A /* InviteCell.xib in Resources */,
				03CC14ED1C335D4E00831F1A /* ShareController.xib in Resources */,
				03B488141B509C390077E601 /* HabitCell.xib in Resources */,
				031D280A1B29D1300060263A /* Images.xcassets in Resources */,
				037610961C2F61C100B3E9F2 /* HabitGlanceCell.xib in Resources */,
				033DE6601BF1BEB800842C03 /* HabitHomeCell.xib in Resources */,
			);
			runOnlyForDeploymentPostprocessing = 0;
		};
		031D28101B29D1300060263A /* Resources */ = {
			isa = PBXResourcesBuildPhase;
			buildActionMask = 2147483647;
			files = (
			);
			runOnlyForDeploymentPostprocessing = 0;
		};
/* End PBXResourcesBuildPhase section */

/* Begin PBXShellScriptBuildPhase section */
		033AB3691BD00E39006D8D8F /* ShellScript */ = {
			isa = PBXShellScriptBuildPhase;
			buildActionMask = 2147483647;
			files = (
			);
			inputPaths = (
			);
			outputPaths = (
			);
			runOnlyForDeploymentPostprocessing = 0;
			shellPath = /bin/sh;
			shellScript = "\"${PODS_ROOT}/Fabric/Fabric.framework/run\" ccc151c1a1f2ebb45ae499391dba6bc8c4ddaf36 6e9cb81fb4260388b2e86b3317c3ca3868975a878ed8141cc9cb830c6fb517e8";
		};
		0D1D3B40AA770E0875F10A2B /* Check Pods Manifest.lock */ = {
			isa = PBXShellScriptBuildPhase;
			buildActionMask = 2147483647;
			files = (
			);
			inputPaths = (
			);
			name = "Check Pods Manifest.lock";
			outputPaths = (
			);
			runOnlyForDeploymentPostprocessing = 0;
			shellPath = /bin/sh;
			shellScript = "diff \"${PODS_ROOT}/../Podfile.lock\" \"${PODS_ROOT}/Manifest.lock\" > /dev/null\nif [[ $? != 0 ]] ; then\n    cat << EOM\nerror: The sandbox is not in sync with the Podfile.lock. Run 'pod install' or update your CocoaPods installation.\nEOM\n    exit 1\nfi\n";
			showEnvVarsInLog = 0;
		};
		93941ACF3677A5D6EF3AC081 /* Copy Pods Resources */ = {
			isa = PBXShellScriptBuildPhase;
			buildActionMask = 2147483647;
			files = (
			);
			inputPaths = (
			);
			name = "Copy Pods Resources";
			outputPaths = (
			);
			runOnlyForDeploymentPostprocessing = 0;
			shellPath = /bin/sh;
			shellScript = "\"${SRCROOT}/Pods/Target Support Files/Pods/Pods-resources.sh\"\n";
			showEnvVarsInLog = 0;
		};
		BEDC9AD3D1C89A53A40AE36A /* Embed Pods Frameworks */ = {
			isa = PBXShellScriptBuildPhase;
			buildActionMask = 2147483647;
			files = (
			);
			inputPaths = (
			);
			name = "Embed Pods Frameworks";
			outputPaths = (
			);
			runOnlyForDeploymentPostprocessing = 0;
			shellPath = /bin/sh;
			shellScript = "\"${SRCROOT}/Pods/Target Support Files/Pods/Pods-frameworks.sh\"\n";
			showEnvVarsInLog = 0;
		};
/* End PBXShellScriptBuildPhase section */

/* Begin PBXSourcesBuildPhase section */
		031D27F91B29D1300060263A /* Sources */ = {
			isa = PBXSourcesBuildPhase;
			buildActionMask = 2147483647;
			files = (
				03ECDE421BF969F700B9F9E7 /* TimesCell.swift in Sources */,
				039BFC0A1B2AD234006EAFD9 /* Utilities.swift in Sources */,
				0317811F1CA4A33E0092EC2C /* SCLAlertView.swift in Sources */,
				03ECDE4E1BF96F1900B9F9E7 /* HabitDetailCell.swift in Sources */,
				03E6F2E31B51A23400484DB6 /* HabitCoreData.swift in Sources */,
				033DE64E1BF1A94C00842C03 /* Styler.swift in Sources */,
				034E13311C07F1E100EC3BCC /* Habit+CoreData.swift in Sources */,
				0350ED9F1C506AFF00CECE5A /* DatePickerCell.swift in Sources */,
				03BA13451B5DB82900504A63 /* MainTabBarController.swift in Sources */,
				03B488161B509CAA0077E601 /* CalendarViewController.swift in Sources */,
				03ECDE401BF969D700B9F9E7 /* DaysCell.swift in Sources */,
				039BFC081B2AD1F9006EAFD9 /* Constants.swift in Sources */,
				03CC14F01C34459500831F1A /* SocialUserCell.swift in Sources */,
				037610951C2F61C100B3E9F2 /* HabitGlanceCell.swift in Sources */,
				03CC14EC1C335D4E00831F1A /* ShareController.swift in Sources */,
				0355D10E1B5D786200EA8185 /* NetworkTableViewController.swift in Sources */,
				0350ED981C5041F800CECE5A /* UserCell.swift in Sources */,
				03ECDE3C1BF969C200B9F9E7 /* ColorCell.swift in Sources */,
				034E132D1C07E6F400EC3BCC /* Frequency.swift in Sources */,
				034ADC181BFD828700593C4E /* User+Web.swift in Sources */,
				034ADC121BFD77E600593C4E /* Connection.swift in Sources */,
				0317811D1CA497940092EC2C /* UIDeviceHardware.m in Sources */,
				03E99C9B1B545D3800E93D82 /* HabitDetailController.swift in Sources */,
				03ADD4EE1CA32BBF000C8475 /* CVCalendarView+Refresh.swift in Sources */,
				03ECDE551BF99BDA00B9F9E7 /* UIColor+Hex.swift in Sources */,
				034E132F1C07EE7400EC3BCC /* TimeOfDay.swift in Sources */,
				03ECDE4A1BF96A5800B9F9E7 /* NameCell.swift in Sources */,
				03CC14E91C32FF1F00831F1A /* AccountController.swift in Sources */,
				0322F18E1C48B9D6005A5B16 /* UIImageView+AsyncDownload.swift in Sources */,
				03ECDE481BF96A3400B9F9E7 /* ConnectionsHeaderCell.swift in Sources */,
				039BFC0E1B2AE10B006EAFD9 /* User.swift in Sources */,
				032EEBE91BF81C3C0094F179 /* UIAppearance+Swift.m in Sources */,
				03ECDE461BF96A2300B9F9E7 /* AccountabilityCell.swift in Sources */,
				03DD15DD1C059BBF0099C497 /* CoreDataManager.swift in Sources */,
				03E6F2D91B51998600484DB6 /* HabitualModel.xcdatamodeld in Sources */,
				03BA13471B5EEB8300504A63 /* LocalNotificationManager.swift in Sources */,
				03DF8E301B602A3000C6DC78 /* SignupViewController.swift in Sources */,
				039DBF471C14F0D9000EED3B /* ConnectionChatViewFlowLayout.swift in Sources */,
				034ADC101BFD444D00593C4E /* ConnectionChatViewController.swift in Sources */,
				034E13291C07E68F00EC3BCC /* NotificationSetting.swift in Sources */,
				034ADC161BFD804300593C4E /* ParseObject.swift in Sources */,
				0355D1101B5D786D00EA8185 /* UserViewController.swift in Sources */,
				034ADC0E1BFC365500593C4E /* SettingsViewController.swift in Sources */,
				03CB427E1BC9C76D00B13DE7 /* SelectConnectionsTableViewController.swift in Sources */,
				039BFC051B2AD1DF006EAFD9 /* AuthManager.swift in Sources */,
				03ECDE3A1BF969A700B9F9E7 /* IconCell.swift in Sources */,
				03E9F81A1C37384C008EC91A /* InviteCell.swift in Sources */,
				034E13251C07E61F00EC3BCC /* Habit+Web.swift in Sources */,
				031D28031B29D1300060263A /* AppDelegate.swift in Sources */,
				03DD15DF1C05A1780099C497 /* Habit.swift in Sources */,
				03B488131B509C390077E601 /* HabitCell.swift in Sources */,
				03ECDE3E1BF969CD00B9F9E7 /* RepeatCell.swift in Sources */,
				034ADC0C1BFAC6F700593C4E /* StatCell.swift in Sources */,
				039BFC031B2AD1C7006EAFD9 /* WebManager.swift in Sources */,
				039437741C04264800E8566D /* NotificationHandler.swift in Sources */,
				0336741E1BCF477500AA87C2 /* SecretConstants.swift in Sources */,
				034ADC141BFD77F100593C4E /* Message.swift in Sources */,
				033DE65F1BF1BEB800842C03 /* HabitHomeCell.swift in Sources */,
				03ECDE441BF96A0000B9F9E7 /* ConnectionCell.swift in Sources */,
				03CC14F61C36CF3200831F1A /* SettingsCell.swift in Sources */,
			);
			runOnlyForDeploymentPostprocessing = 0;
		};
		031D280E1B29D1300060263A /* Sources */ = {
			isa = PBXSourcesBuildPhase;
			buildActionMask = 2147483647;
			files = (
				031D28191B29D1300060263A /* HabitualTests.swift in Sources */,
			);
			runOnlyForDeploymentPostprocessing = 0;
		};
/* End PBXSourcesBuildPhase section */

/* Begin PBXTargetDependency section */
		031D28141B29D1300060263A /* PBXTargetDependency */ = {
			isa = PBXTargetDependency;
			target = 031D27FC1B29D1300060263A /* Ignite */;
			targetProxy = 031D28131B29D1300060263A /* PBXContainerItemProxy */;
		};
/* End PBXTargetDependency section */

/* Begin PBXVariantGroup section */
		031D28061B29D1300060263A /* Main.storyboard */ = {
			isa = PBXVariantGroup;
			children = (
				031D28071B29D1300060263A /* Base */,
			);
			name = Main.storyboard;
			sourceTree = "<group>";
		};
		031D280B1B29D1300060263A /* LaunchScreen.xib */ = {
			isa = PBXVariantGroup;
			children = (
				031D280C1B29D1300060263A /* Base */,
			);
			name = LaunchScreen.xib;
			sourceTree = "<group>";
		};
/* End PBXVariantGroup section */

/* Begin XCBuildConfiguration section */
		031D281A1B29D1300060263A /* Debug */ = {
			isa = XCBuildConfiguration;
			buildSettings = {
				ALWAYS_SEARCH_USER_PATHS = NO;
				CLANG_CXX_LANGUAGE_STANDARD = "gnu++0x";
				CLANG_CXX_LIBRARY = "libc++";
				CLANG_ENABLE_MODULES = YES;
				CLANG_ENABLE_OBJC_ARC = YES;
				CLANG_WARN_BOOL_CONVERSION = YES;
				CLANG_WARN_CONSTANT_CONVERSION = YES;
				CLANG_WARN_DIRECT_OBJC_ISA_USAGE = YES_ERROR;
				CLANG_WARN_EMPTY_BODY = YES;
				CLANG_WARN_ENUM_CONVERSION = YES;
				CLANG_WARN_INT_CONVERSION = YES;
				CLANG_WARN_OBJC_ROOT_CLASS = YES_ERROR;
				CLANG_WARN_UNREACHABLE_CODE = YES;
				CLANG_WARN__DUPLICATE_METHOD_MATCH = YES;
				CODE_SIGN_IDENTITY = "iPhone Distribution: Joshua Wright (7943G7Y9QA)";
				"CODE_SIGN_IDENTITY[sdk=iphoneos*]" = "iPhone Distribution: Joshua Wright (7943G7Y9QA)";
				COPY_PHASE_STRIP = NO;
				DEBUG_INFORMATION_FORMAT = "dwarf-with-dsym";
				ENABLE_STRICT_OBJC_MSGSEND = YES;
				ENABLE_TESTABILITY = YES;
				GCC_C_LANGUAGE_STANDARD = gnu99;
				GCC_DYNAMIC_NO_PIC = NO;
				GCC_NO_COMMON_BLOCKS = YES;
				GCC_OPTIMIZATION_LEVEL = 0;
				GCC_PREPROCESSOR_DEFINITIONS = (
					"DEBUG=1",
					"$(inherited)",
				);
				GCC_SYMBOLS_PRIVATE_EXTERN = NO;
				GCC_WARN_64_TO_32_BIT_CONVERSION = YES;
				GCC_WARN_ABOUT_RETURN_TYPE = YES_ERROR;
				GCC_WARN_UNDECLARED_SELECTOR = YES;
				GCC_WARN_UNINITIALIZED_AUTOS = YES_AGGRESSIVE;
				GCC_WARN_UNUSED_FUNCTION = YES;
				GCC_WARN_UNUSED_VARIABLE = YES;
				IPHONEOS_DEPLOYMENT_TARGET = 8.3;
				MTL_ENABLE_DEBUG_INFO = YES;
				ONLY_ACTIVE_ARCH = YES;
				PROVISIONING_PROFILE = "8a2d284a-04c0-4dbe-bcbb-91f62e27f5a1";
				SDKROOT = iphoneos;
				SWIFT_OPTIMIZATION_LEVEL = "-Onone";
			};
			name = Debug;
		};
		031D281B1B29D1300060263A /* Release */ = {
			isa = XCBuildConfiguration;
			buildSettings = {
				ALWAYS_SEARCH_USER_PATHS = NO;
				CLANG_CXX_LANGUAGE_STANDARD = "gnu++0x";
				CLANG_CXX_LIBRARY = "libc++";
				CLANG_ENABLE_MODULES = YES;
				CLANG_ENABLE_OBJC_ARC = YES;
				CLANG_WARN_BOOL_CONVERSION = YES;
				CLANG_WARN_CONSTANT_CONVERSION = YES;
				CLANG_WARN_DIRECT_OBJC_ISA_USAGE = YES_ERROR;
				CLANG_WARN_EMPTY_BODY = YES;
				CLANG_WARN_ENUM_CONVERSION = YES;
				CLANG_WARN_INT_CONVERSION = YES;
				CLANG_WARN_OBJC_ROOT_CLASS = YES_ERROR;
				CLANG_WARN_UNREACHABLE_CODE = YES;
				CLANG_WARN__DUPLICATE_METHOD_MATCH = YES;
				CODE_SIGN_IDENTITY = "iPhone Distribution: Joshua Wright (7943G7Y9QA)";
				"CODE_SIGN_IDENTITY[sdk=iphoneos*]" = "iPhone Distribution: Joshua Wright (7943G7Y9QA)";
				COPY_PHASE_STRIP = NO;
				DEBUG_INFORMATION_FORMAT = "dwarf-with-dsym";
				ENABLE_NS_ASSERTIONS = NO;
				ENABLE_STRICT_OBJC_MSGSEND = YES;
				GCC_C_LANGUAGE_STANDARD = gnu99;
				GCC_NO_COMMON_BLOCKS = YES;
				GCC_WARN_64_TO_32_BIT_CONVERSION = YES;
				GCC_WARN_ABOUT_RETURN_TYPE = YES_ERROR;
				GCC_WARN_UNDECLARED_SELECTOR = YES;
				GCC_WARN_UNINITIALIZED_AUTOS = YES_AGGRESSIVE;
				GCC_WARN_UNUSED_FUNCTION = YES;
				GCC_WARN_UNUSED_VARIABLE = YES;
				IPHONEOS_DEPLOYMENT_TARGET = 8.3;
				MTL_ENABLE_DEBUG_INFO = NO;
				PROVISIONING_PROFILE = "8a2d284a-04c0-4dbe-bcbb-91f62e27f5a1";
				SDKROOT = iphoneos;
				VALIDATE_PRODUCT = YES;
			};
			name = Release;
		};
		031D281D1B29D1300060263A /* Debug */ = {
			isa = XCBuildConfiguration;
			baseConfigurationReference = 6B3F56EE0E5812EF7F9BA1E7 /* Pods.debug.xcconfig */;
			buildSettings = {
				ASSETCATALOG_COMPILER_APPICON_NAME = AppIcon;
				CLANG_ALLOW_NON_MODULAR_INCLUDES_IN_FRAMEWORK_MODULES = YES;
				CLANG_WARN_DOCUMENTATION_COMMENTS = YES;
				CODE_SIGN_IDENTITY = "iPhone Developer";
				"CODE_SIGN_IDENTITY[sdk=iphoneos*]" = "iPhone Developer";
				ENABLE_BITCODE = YES;
				FRAMEWORK_SEARCH_PATHS = (
					"$(inherited)",
					"$(PROJECT_DIR)",
					"$(PROJECT_DIR)/build/Release-iphoneos",
				);
				INFOPLIST_FILE = Habitual/Info.plist;
				IPHONEOS_DEPLOYMENT_TARGET = 8.2;
				LD_RUNPATH_SEARCH_PATHS = "$(inherited) @executable_path/Frameworks @executable_path/../Frameworks";
				OTHER_LDFLAGS = (
					"$(inherited)",
					"-ObjC",
					"-l\"sqlite3\"",
					"-l\"z\"",
					"-framework",
					"\"Alamofire\"",
					"-framework",
					"\"AudioToolbox\"",
					"-framework",
					"\"Bolts\"",
					"-framework",
					"\"CFNetwork\"",
					"-framework",
					"\"CoreGraphics\"",
					"-framework",
					"\"CoreLocation\"",
					"-framework",
					"\"DZNEmptyDataSet\"",
					"-framework",
					"\"Locksmith\"",
					"-framework",
					"\"MobileCoreServices\"",
					"-framework",
					"\"QuartzCore\"",
					"-framework",
					"\"Security\"",
					"-framework",
					"\"StoreKit\"",
					"-framework",
					"\"SwiftyJSON\"",
					"-framework",
					"\"SystemConfiguration\"",
					"-framework",
					"\"Timepiece\"",
					"-weak_framework",
					"\"Accounts\"",
					"-weak_framework",
					"\"Social\"",
				);
				PRODUCT_BUNDLE_IDENTIFIER = "com.joshwright.$(PRODUCT_NAME:rfc1034identifier)";
				PRODUCT_NAME = Ignite;
				PROVISIONING_PROFILE = "";
				SWIFT_OBJC_BRIDGING_HEADER = "Habitual/Ignite-Bridging-Header.h";
			};
			name = Debug;
		};
		031D281E1B29D1300060263A /* Release */ = {
			isa = XCBuildConfiguration;
			baseConfigurationReference = 563879E4DCD5B2EAC7D169DD /* Pods.release.xcconfig */;
			buildSettings = {
				ASSETCATALOG_COMPILER_APPICON_NAME = AppIcon;
				CLANG_ALLOW_NON_MODULAR_INCLUDES_IN_FRAMEWORK_MODULES = YES;
				CLANG_WARN_DOCUMENTATION_COMMENTS = YES;
				CODE_SIGN_IDENTITY = "iPhone Developer";
				"CODE_SIGN_IDENTITY[sdk=iphoneos*]" = "iPhone Developer";
				ENABLE_BITCODE = YES;
				FRAMEWORK_SEARCH_PATHS = (
					"$(inherited)",
					"$(PROJECT_DIR)",
					"$(PROJECT_DIR)/build/Release-iphoneos",
				);
				INFOPLIST_FILE = Habitual/Info.plist;
				IPHONEOS_DEPLOYMENT_TARGET = 8.2;
				LD_RUNPATH_SEARCH_PATHS = "$(inherited) @executable_path/Frameworks @executable_path/../Frameworks";
				OTHER_LDFLAGS = (
					"$(inherited)",
					"-ObjC",
					"-l\"sqlite3\"",
					"-l\"z\"",
					"-framework",
					"\"Alamofire\"",
					"-framework",
					"\"AudioToolbox\"",
					"-framework",
					"\"Bolts\"",
					"-framework",
					"\"CFNetwork\"",
					"-framework",
					"\"CoreGraphics\"",
					"-framework",
					"\"CoreLocation\"",
					"-framework",
					"\"DZNEmptyDataSet\"",
					"-framework",
					"\"Locksmith\"",
					"-framework",
					"\"MobileCoreServices\"",
					"-framework",
					"\"QuartzCore\"",
					"-framework",
					"\"Security\"",
					"-framework",
					"\"StoreKit\"",
					"-framework",
					"\"SwiftyJSON\"",
					"-framework",
					"\"SystemConfiguration\"",
					"-framework",
					"\"Timepiece\"",
					"-weak_framework",
					"\"Accounts\"",
					"-weak_framework",
					"\"Social\"",
				);
				PRODUCT_BUNDLE_IDENTIFIER = "com.joshwright.$(PRODUCT_NAME:rfc1034identifier)";
				PRODUCT_NAME = Ignite;
				PROVISIONING_PROFILE = "";
				SWIFT_OBJC_BRIDGING_HEADER = "Habitual/Ignite-Bridging-Header.h";
			};
			name = Release;
		};
		031D28201B29D1300060263A /* Debug */ = {
			isa = XCBuildConfiguration;
			buildSettings = {
				BUNDLE_LOADER = "$(TEST_HOST)";
				CODE_SIGN_IDENTITY = "iPhone Developer";
				"CODE_SIGN_IDENTITY[sdk=iphoneos*]" = "iPhone Developer";
				FRAMEWORK_SEARCH_PATHS = (
					"$(SDKROOT)/Developer/Library/Frameworks",
					"$(inherited)",
				);
				GCC_PREPROCESSOR_DEFINITIONS = (
					"DEBUG=1",
					"$(inherited)",
				);
				INFOPLIST_FILE = HabitualTests/Info.plist;
				LD_RUNPATH_SEARCH_PATHS = "$(inherited) @executable_path/Frameworks @loader_path/Frameworks";
				PRODUCT_BUNDLE_IDENTIFIER = "com.joshwright.$(PRODUCT_NAME:rfc1034identifier)";
				PRODUCT_NAME = Ignite;
				PROVISIONING_PROFILE = "";
				TEST_HOST = "$(BUILT_PRODUCTS_DIR)/Ignite.app/Ignite";
			};
			name = Debug;
		};
		031D28211B29D1300060263A /* Release */ = {
			isa = XCBuildConfiguration;
			buildSettings = {
				BUNDLE_LOADER = "$(TEST_HOST)";
				CODE_SIGN_IDENTITY = "iPhone Developer";
				"CODE_SIGN_IDENTITY[sdk=iphoneos*]" = "iPhone Developer";
				FRAMEWORK_SEARCH_PATHS = (
					"$(SDKROOT)/Developer/Library/Frameworks",
					"$(inherited)",
				);
				INFOPLIST_FILE = HabitualTests/Info.plist;
				LD_RUNPATH_SEARCH_PATHS = "$(inherited) @executable_path/Frameworks @loader_path/Frameworks";
				PRODUCT_BUNDLE_IDENTIFIER = "com.joshwright.$(PRODUCT_NAME:rfc1034identifier)";
				PRODUCT_NAME = Ignite;
				PROVISIONING_PROFILE = "";
				TEST_HOST = "$(BUILT_PRODUCTS_DIR)/Ignite.app/Ignite";
			};
			name = Release;
		};
/* End XCBuildConfiguration section */

/* Begin XCConfigurationList section */
		031D27F81B29D1300060263A /* Build configuration list for PBXProject "Ignite" */ = {
			isa = XCConfigurationList;
			buildConfigurations = (
				031D281A1B29D1300060263A /* Debug */,
				031D281B1B29D1300060263A /* Release */,
			);
			defaultConfigurationIsVisible = 0;
			defaultConfigurationName = Release;
		};
		031D281C1B29D1300060263A /* Build configuration list for PBXNativeTarget "Ignite" */ = {
			isa = XCConfigurationList;
			buildConfigurations = (
				031D281D1B29D1300060263A /* Debug */,
				031D281E1B29D1300060263A /* Release */,
			);
			defaultConfigurationIsVisible = 0;
			defaultConfigurationName = Release;
		};
		031D281F1B29D1300060263A /* Build configuration list for PBXNativeTarget "IgniteTests" */ = {
			isa = XCConfigurationList;
			buildConfigurations = (
				031D28201B29D1300060263A /* Debug */,
				031D28211B29D1300060263A /* Release */,
			);
			defaultConfigurationIsVisible = 0;
			defaultConfigurationName = Release;
		};
/* End XCConfigurationList section */

/* Begin XCVersionGroup section */
		03E6F2D71B51998600484DB6 /* HabitualModel.xcdatamodeld */ = {
			isa = XCVersionGroup;
			children = (
				03E6F2D81B51998600484DB6 /* HabitualModel.xcdatamodel */,
			);
			currentVersion = 03E6F2D81B51998600484DB6 /* HabitualModel.xcdatamodel */;
			path = HabitualModel.xcdatamodeld;
			sourceTree = "<group>";
			versionGroupType = wrapper.xcdatamodel;
		};
/* End XCVersionGroup section */
	};
	rootObject = 031D27F51B29D1300060263A /* Project object */;
}
