// !$*UTF8*$!
{
	archiveVersion = 1;
	classes = {
	};
	objectVersion = 46;
	objects = {

/* Begin PBXBuildFile section */
		031D28031B29D1300060263A /* AppDelegate.swift in Sources */ = {isa = PBXBuildFile; fileRef = 031D28021B29D1300060263A /* AppDelegate.swift */; };
		031D28081B29D1300060263A /* Main.storyboard in Resources */ = {isa = PBXBuildFile; fileRef = 031D28061B29D1300060263A /* Main.storyboard */; };
		031D280A1B29D1300060263A /* Images.xcassets in Resources */ = {isa = PBXBuildFile; fileRef = 031D28091B29D1300060263A /* Images.xcassets */; };
		031D280D1B29D1300060263A /* LaunchScreen.xib in Resources */ = {isa = PBXBuildFile; fileRef = 031D280B1B29D1300060263A /* LaunchScreen.xib */; };
		031D28191B29D1300060263A /* HabitualTests.swift in Sources */ = {isa = PBXBuildFile; fileRef = 031D28181B29D1300060263A /* HabitualTests.swift */; };
		0336741E1BCF477500AA87C2 /* SecretConstants.swift in Sources */ = {isa = PBXBuildFile; fileRef = 0336741D1BCF477500AA87C2 /* SecretConstants.swift */; };
		0355D10E1B5D786200EA8185 /* NetworkTableViewController.swift in Sources */ = {isa = PBXBuildFile; fileRef = 0355D10D1B5D786200EA8185 /* NetworkTableViewController.swift */; };
		0355D1101B5D786D00EA8185 /* UserViewController.swift in Sources */ = {isa = PBXBuildFile; fileRef = 0355D10F1B5D786D00EA8185 /* UserViewController.swift */; };
		039BFC031B2AD1C7006EAFD9 /* WebManager.swift in Sources */ = {isa = PBXBuildFile; fileRef = 039BFC021B2AD1C7006EAFD9 /* WebManager.swift */; };
		039BFC051B2AD1DF006EAFD9 /* AuthManager.swift in Sources */ = {isa = PBXBuildFile; fileRef = 039BFC041B2AD1DF006EAFD9 /* AuthManager.swift */; };
		039BFC081B2AD1F9006EAFD9 /* Constants.swift in Sources */ = {isa = PBXBuildFile; fileRef = 039BFC071B2AD1F9006EAFD9 /* Constants.swift */; };
		039BFC0A1B2AD234006EAFD9 /* Utilities.swift in Sources */ = {isa = PBXBuildFile; fileRef = 039BFC091B2AD234006EAFD9 /* Utilities.swift */; };
		039BFC0C1B2AD4AB006EAFD9 /* PObject.swift in Sources */ = {isa = PBXBuildFile; fileRef = 039BFC0B1B2AD4AB006EAFD9 /* PObject.swift */; };
		039BFC0E1B2AE10B006EAFD9 /* User.swift in Sources */ = {isa = PBXBuildFile; fileRef = 039BFC0D1B2AE10B006EAFD9 /* User.swift */; };
		03B488131B509C390077E601 /* HabitCell.swift in Sources */ = {isa = PBXBuildFile; fileRef = 03B488111B509C390077E601 /* HabitCell.swift */; };
		03B488141B509C390077E601 /* HabitCell.xib in Resources */ = {isa = PBXBuildFile; fileRef = 03B488121B509C390077E601 /* HabitCell.xib */; };
		03B488161B509CAA0077E601 /* CalendarViewController.swift in Sources */ = {isa = PBXBuildFile; fileRef = 03B488151B509CAA0077E601 /* CalendarViewController.swift */; };
		03B6905F1B62C4B90040D924 /* ForeignNotificationManager.swift in Sources */ = {isa = PBXBuildFile; fileRef = 03B6905E1B62C4B90040D924 /* ForeignNotificationManager.swift */; };
		03BA13451B5DB82900504A63 /* MainTabBarController.swift in Sources */ = {isa = PBXBuildFile; fileRef = 03BA13441B5DB82900504A63 /* MainTabBarController.swift */; };
		03BA13471B5EEB8300504A63 /* LocalNotificationManager.swift in Sources */ = {isa = PBXBuildFile; fileRef = 03BA13461B5EEB8300504A63 /* LocalNotificationManager.swift */; };
		03CB427E1BC9C76D00B13DE7 /* SelectConnectionsTableViewController.swift in Sources */ = {isa = PBXBuildFile; fileRef = 03CB427D1BC9C76D00B13DE7 /* SelectConnectionsTableViewController.swift */; };
		03DF8E301B602A3000C6DC78 /* SignupViewController.swift in Sources */ = {isa = PBXBuildFile; fileRef = 03DF8E2F1B602A3000C6DC78 /* SignupViewController.swift */; };
		03E6F2D91B51998600484DB6 /* HabitualModel.xcdatamodeld in Sources */ = {isa = PBXBuildFile; fileRef = 03E6F2D71B51998600484DB6 /* HabitualModel.xcdatamodeld */; };
		03E6F2E31B51A23400484DB6 /* Habit.swift in Sources */ = {isa = PBXBuildFile; fileRef = 03E6F2E21B51A23400484DB6 /* Habit.swift */; };
		03E99C9B1B545D3800E93D82 /* HabitDetailController.swift in Sources */ = {isa = PBXBuildFile; fileRef = 03E99C9A1B545D3800E93D82 /* HabitDetailController.swift */; };
		03EBFE551BC9972600F0777C /* Alamofire.framework in Frameworks */ = {isa = PBXBuildFile; fileRef = 03EBFE4D1BC9972600F0777C /* Alamofire.framework */; };
		03EBFE561BC9972600F0777C /* Bolts.framework in Frameworks */ = {isa = PBXBuildFile; fileRef = 03EBFE4E1BC9972600F0777C /* Bolts.framework */; };
		03EBFE571BC9972600F0777C /* DZNEmptyDataSet.framework in Frameworks */ = {isa = PBXBuildFile; fileRef = 03EBFE4F1BC9972600F0777C /* DZNEmptyDataSet.framework */; };
		03EBFE581BC9972600F0777C /* Locksmith.framework in Frameworks */ = {isa = PBXBuildFile; fileRef = 03EBFE501BC9972600F0777C /* Locksmith.framework */; };
		03EBFE591BC9972600F0777C /* Parse.framework in Frameworks */ = {isa = PBXBuildFile; fileRef = 03EBFE511BC9972600F0777C /* Parse.framework */; };
		03EBFE5A1BC9972600F0777C /* Pods.framework in Frameworks */ = {isa = PBXBuildFile; fileRef = 03EBFE521BC9972600F0777C /* Pods.framework */; };
		03EBFE5B1BC9972600F0777C /* SwiftyJSON.framework in Frameworks */ = {isa = PBXBuildFile; fileRef = 03EBFE531BC9972600F0777C /* SwiftyJSON.framework */; };
		03EBFE5C1BC9972600F0777C /* Timepiece.framework in Frameworks */ = {isa = PBXBuildFile; fileRef = 03EBFE541BC9972600F0777C /* Timepiece.framework */; };
		091DD0B7E023F09339B66F0E /* Pods.framework in Frameworks */ = {isa = PBXBuildFile; fileRef = 37BDF06A9F97547913E3FEF7 /* Pods.framework */; };
		30D10D11E7A28B0F7C963607 /* Pods.framework in Frameworks */ = {isa = PBXBuildFile; fileRef = 37BDF06A9F97547913E3FEF7 /* Pods.framework */; };
/* End PBXBuildFile section */

/* Begin PBXContainerItemProxy section */
		031D28131B29D1300060263A /* PBXContainerItemProxy */ = {
			isa = PBXContainerItemProxy;
			containerPortal = 031D27F51B29D1300060263A /* Project object */;
			proxyType = 1;
			remoteGlobalIDString = 031D27FC1B29D1300060263A;
			remoteInfo = Habitual;
		};
/* End PBXContainerItemProxy section */

/* Begin PBXFileReference section */
		031D27FD1B29D1300060263A /* Ignite.app */ = {isa = PBXFileReference; explicitFileType = wrapper.application; includeInIndex = 0; path = Ignite.app; sourceTree = BUILT_PRODUCTS_DIR; };
		031D28011B29D1300060263A /* Info.plist */ = {isa = PBXFileReference; lastKnownFileType = text.plist.xml; path = Info.plist; sourceTree = "<group>"; };
		031D28021B29D1300060263A /* AppDelegate.swift */ = {isa = PBXFileReference; lastKnownFileType = sourcecode.swift; path = AppDelegate.swift; sourceTree = "<group>"; };
		031D28071B29D1300060263A /* Base */ = {isa = PBXFileReference; lastKnownFileType = file.storyboard; name = Base; path = Base.lproj/Main.storyboard; sourceTree = "<group>"; };
		031D28091B29D1300060263A /* Images.xcassets */ = {isa = PBXFileReference; lastKnownFileType = folder.assetcatalog; path = Images.xcassets; sourceTree = "<group>"; };
		031D280C1B29D1300060263A /* Base */ = {isa = PBXFileReference; lastKnownFileType = file.xib; name = Base; path = Base.lproj/LaunchScreen.xib; sourceTree = "<group>"; };
		031D28121B29D1300060263A /* Ignite.xctest */ = {isa = PBXFileReference; explicitFileType = wrapper.cfbundle; includeInIndex = 0; path = Ignite.xctest; sourceTree = BUILT_PRODUCTS_DIR; };
		031D28171B29D1300060263A /* Info.plist */ = {isa = PBXFileReference; lastKnownFileType = text.plist.xml; path = Info.plist; sourceTree = "<group>"; };
		031D28181B29D1300060263A /* HabitualTests.swift */ = {isa = PBXFileReference; lastKnownFileType = sourcecode.swift; path = HabitualTests.swift; sourceTree = "<group>"; };
		0336741D1BCF477500AA87C2 /* SecretConstants.swift */ = {isa = PBXFileReference; fileEncoding = 4; lastKnownFileType = sourcecode.swift; path = SecretConstants.swift; sourceTree = "<group>"; };
		0355D10D1B5D786200EA8185 /* NetworkTableViewController.swift */ = {isa = PBXFileReference; fileEncoding = 4; lastKnownFileType = sourcecode.swift; path = NetworkTableViewController.swift; sourceTree = "<group>"; };
		0355D10F1B5D786D00EA8185 /* UserViewController.swift */ = {isa = PBXFileReference; fileEncoding = 4; lastKnownFileType = sourcecode.swift; path = UserViewController.swift; sourceTree = "<group>"; };
		039BFC021B2AD1C7006EAFD9 /* WebManager.swift */ = {isa = PBXFileReference; fileEncoding = 4; lastKnownFileType = sourcecode.swift; path = WebManager.swift; sourceTree = "<group>"; };
		039BFC041B2AD1DF006EAFD9 /* AuthManager.swift */ = {isa = PBXFileReference; fileEncoding = 4; lastKnownFileType = sourcecode.swift; path = AuthManager.swift; sourceTree = "<group>"; };
		039BFC071B2AD1F9006EAFD9 /* Constants.swift */ = {isa = PBXFileReference; fileEncoding = 4; lastKnownFileType = sourcecode.swift; path = Constants.swift; sourceTree = "<group>"; };
		039BFC091B2AD234006EAFD9 /* Utilities.swift */ = {isa = PBXFileReference; fileEncoding = 4; lastKnownFileType = sourcecode.swift; path = Utilities.swift; sourceTree = "<group>"; };
		039BFC0B1B2AD4AB006EAFD9 /* PObject.swift */ = {isa = PBXFileReference; fileEncoding = 4; lastKnownFileType = sourcecode.swift; path = PObject.swift; sourceTree = "<group>"; };
		039BFC0D1B2AE10B006EAFD9 /* User.swift */ = {isa = PBXFileReference; fileEncoding = 4; lastKnownFileType = sourcecode.swift; path = User.swift; sourceTree = "<group>"; };
		03B488111B509C390077E601 /* HabitCell.swift */ = {isa = PBXFileReference; fileEncoding = 4; lastKnownFileType = sourcecode.swift; path = HabitCell.swift; sourceTree = "<group>"; };
		03B488121B509C390077E601 /* HabitCell.xib */ = {isa = PBXFileReference; fileEncoding = 4; lastKnownFileType = file.xib; path = HabitCell.xib; sourceTree = "<group>"; };
		03B488151B509CAA0077E601 /* CalendarViewController.swift */ = {isa = PBXFileReference; fileEncoding = 4; lastKnownFileType = sourcecode.swift; path = CalendarViewController.swift; sourceTree = "<group>"; };
		03B6905E1B62C4B90040D924 /* ForeignNotificationManager.swift */ = {isa = PBXFileReference; fileEncoding = 4; lastKnownFileType = sourcecode.swift; path = ForeignNotificationManager.swift; sourceTree = "<group>"; };
		03BA13441B5DB82900504A63 /* MainTabBarController.swift */ = {isa = PBXFileReference; fileEncoding = 4; lastKnownFileType = sourcecode.swift; path = MainTabBarController.swift; sourceTree = "<group>"; };
		03BA13461B5EEB8300504A63 /* LocalNotificationManager.swift */ = {isa = PBXFileReference; fileEncoding = 4; lastKnownFileType = sourcecode.swift; path = LocalNotificationManager.swift; sourceTree = "<group>"; };
		03C8A3491BD1F2C3006E16B2 /* Ignite-Bridging-Header.h */ = {isa = PBXFileReference; fileEncoding = 4; lastKnownFileType = sourcecode.c.h; path = "Ignite-Bridging-Header.h"; sourceTree = "<group>"; };
		03CB427D1BC9C76D00B13DE7 /* SelectConnectionsTableViewController.swift */ = {isa = PBXFileReference; fileEncoding = 4; lastKnownFileType = sourcecode.swift; path = SelectConnectionsTableViewController.swift; sourceTree = "<group>"; };
		03DF8E171B5F191B00C6DC78 /* Accounts.framework */ = {isa = PBXFileReference; lastKnownFileType = wrapper.framework; name = Accounts.framework; path = System/Library/Frameworks/Accounts.framework; sourceTree = SDKROOT; };
		03DF8E191B5F192000C6DC78 /* AudioToolbox.framework */ = {isa = PBXFileReference; lastKnownFileType = wrapper.framework; name = AudioToolbox.framework; path = System/Library/Frameworks/AudioToolbox.framework; sourceTree = SDKROOT; };
		03DF8E1B1B5F192700C6DC78 /* CFNetwork.framework */ = {isa = PBXFileReference; lastKnownFileType = wrapper.framework; name = CFNetwork.framework; path = System/Library/Frameworks/CFNetwork.framework; sourceTree = SDKROOT; };
		03DF8E1D1B5F193100C6DC78 /* CoreGraphics.framework */ = {isa = PBXFileReference; lastKnownFileType = wrapper.framework; name = CoreGraphics.framework; path = System/Library/Frameworks/CoreGraphics.framework; sourceTree = SDKROOT; };
		03DF8E1F1B5F193500C6DC78 /* CoreLocation.framework */ = {isa = PBXFileReference; lastKnownFileType = wrapper.framework; name = CoreLocation.framework; path = System/Library/Frameworks/CoreLocation.framework; sourceTree = SDKROOT; };
		03DF8E211B5F193E00C6DC78 /* QuartzCore.framework */ = {isa = PBXFileReference; lastKnownFileType = wrapper.framework; name = QuartzCore.framework; path = System/Library/Frameworks/QuartzCore.framework; sourceTree = SDKROOT; };
		03DF8E231B5F194400C6DC78 /* Security.framework */ = {isa = PBXFileReference; lastKnownFileType = wrapper.framework; name = Security.framework; path = System/Library/Frameworks/Security.framework; sourceTree = SDKROOT; };
		03DF8E251B5F194800C6DC78 /* Social.framework */ = {isa = PBXFileReference; lastKnownFileType = wrapper.framework; name = Social.framework; path = System/Library/Frameworks/Social.framework; sourceTree = SDKROOT; };
		03DF8E271B5F195100C6DC78 /* StoreKit.framework */ = {isa = PBXFileReference; lastKnownFileType = wrapper.framework; name = StoreKit.framework; path = System/Library/Frameworks/StoreKit.framework; sourceTree = SDKROOT; };
		03DF8E291B5F195700C6DC78 /* SystemConfiguration.framework */ = {isa = PBXFileReference; lastKnownFileType = wrapper.framework; name = SystemConfiguration.framework; path = System/Library/Frameworks/SystemConfiguration.framework; sourceTree = SDKROOT; };
		03DF8E2B1B5F196000C6DC78 /* libz.dylib */ = {isa = PBXFileReference; lastKnownFileType = "compiled.mach-o.dylib"; name = libz.dylib; path = usr/lib/libz.dylib; sourceTree = SDKROOT; };
		03DF8E2D1B5F196800C6DC78 /* libsqlite3.dylib */ = {isa = PBXFileReference; lastKnownFileType = "compiled.mach-o.dylib"; name = libsqlite3.dylib; path = usr/lib/libsqlite3.dylib; sourceTree = SDKROOT; };
		03DF8E2F1B602A3000C6DC78 /* SignupViewController.swift */ = {isa = PBXFileReference; fileEncoding = 4; lastKnownFileType = sourcecode.swift; path = SignupViewController.swift; sourceTree = "<group>"; };
		03E6F2D81B51998600484DB6 /* HabitualModel.xcdatamodel */ = {isa = PBXFileReference; lastKnownFileType = wrapper.xcdatamodel; path = HabitualModel.xcdatamodel; sourceTree = "<group>"; };
		03E6F2E21B51A23400484DB6 /* Habit.swift */ = {isa = PBXFileReference; fileEncoding = 4; lastKnownFileType = sourcecode.swift; path = Habit.swift; sourceTree = "<group>"; };
		03E99C9A1B545D3800E93D82 /* HabitDetailController.swift */ = {isa = PBXFileReference; fileEncoding = 4; lastKnownFileType = sourcecode.swift; path = HabitDetailController.swift; sourceTree = "<group>"; };
		03EBFE3B1BC9943800F0777C /* Alamofire.framework */ = {isa = PBXFileReference; lastKnownFileType = wrapper.framework; name = Alamofire.framework; path = "Pods/../build/Debug-iphoneos/Alamofire.framework"; sourceTree = "<group>"; };
		03EBFE3D1BC9949800F0777C /* Alamofire.framework */ = {isa = PBXFileReference; lastKnownFileType = wrapper.framework; name = Alamofire.framework; path = "Pods/../build/Debug-iphoneos/Alamofire.framework"; sourceTree = "<group>"; };
		03EBFE4B1BC9966800F0777C /* Alamofire.framework */ = {isa = PBXFileReference; lastKnownFileType = wrapper.framework; name = Alamofire.framework; path = "Pods/../build/Release-iphoneos/Alamofire.framework"; sourceTree = "<group>"; };
		03EBFE4D1BC9972600F0777C /* Alamofire.framework */ = {isa = PBXFileReference; lastKnownFileType = wrapper.framework; name = Alamofire.framework; path = "Pods/../build/Release-iphoneos/Alamofire.framework"; sourceTree = "<group>"; };
		03EBFE4E1BC9972600F0777C /* Bolts.framework */ = {isa = PBXFileReference; lastKnownFileType = wrapper.framework; name = Bolts.framework; path = "Pods/../build/Debug-iphoneos/Bolts.framework"; sourceTree = "<group>"; };
		03EBFE4F1BC9972600F0777C /* DZNEmptyDataSet.framework */ = {isa = PBXFileReference; lastKnownFileType = wrapper.framework; name = DZNEmptyDataSet.framework; path = "Pods/../build/Debug-iphoneos/DZNEmptyDataSet.framework"; sourceTree = "<group>"; };
		03EBFE501BC9972600F0777C /* Locksmith.framework */ = {isa = PBXFileReference; lastKnownFileType = wrapper.framework; name = Locksmith.framework; path = "Pods/../build/Debug-iphoneos/Locksmith.framework"; sourceTree = "<group>"; };
		03EBFE511BC9972600F0777C /* Parse.framework */ = {isa = PBXFileReference; lastKnownFileType = wrapper.framework; name = Parse.framework; path = "Pods/../build/Debug-iphoneos/Parse.framework"; sourceTree = "<group>"; };
		03EBFE521BC9972600F0777C /* Pods.framework */ = {isa = PBXFileReference; lastKnownFileType = wrapper.framework; name = Pods.framework; path = "Pods/../build/Debug-iphoneos/Pods.framework"; sourceTree = "<group>"; };
		03EBFE531BC9972600F0777C /* SwiftyJSON.framework */ = {isa = PBXFileReference; lastKnownFileType = wrapper.framework; name = SwiftyJSON.framework; path = "Pods/../build/Debug-iphoneos/SwiftyJSON.framework"; sourceTree = "<group>"; };
		03EBFE541BC9972600F0777C /* Timepiece.framework */ = {isa = PBXFileReference; lastKnownFileType = wrapper.framework; name = Timepiece.framework; path = "Pods/../build/Debug-iphoneos/Timepiece.framework"; sourceTree = "<group>"; };
		37BDF06A9F97547913E3FEF7 /* Pods.framework */ = {isa = PBXFileReference; explicitFileType = wrapper.framework; includeInIndex = 0; path = Pods.framework; sourceTree = BUILT_PRODUCTS_DIR; };
		6ED6887B71D38F447EA56028 /* Pods.debug.xcconfig */ = {isa = PBXFileReference; includeInIndex = 1; lastKnownFileType = text.xcconfig; name = Pods.debug.xcconfig; path = "Pods/Target Support Files/Pods/Pods.debug.xcconfig"; sourceTree = "<group>"; };
		965D8D446238EB043DB02938 /* Pods.release.xcconfig */ = {isa = PBXFileReference; includeInIndex = 1; lastKnownFileType = text.xcconfig; name = Pods.release.xcconfig; path = "Pods/Target Support Files/Pods/Pods.release.xcconfig"; sourceTree = "<group>"; };
/* End PBXFileReference section */

/* Begin PBXFrameworksBuildPhase section */
		031D27FA1B29D1300060263A /* Frameworks */ = {
			isa = PBXFrameworksBuildPhase;
			buildActionMask = 2147483647;
			files = (
				091DD0B7E023F09339B66F0E /* Pods.framework in Frameworks */,
				03EBFE551BC9972600F0777C /* Alamofire.framework in Frameworks */,
				03EBFE561BC9972600F0777C /* Bolts.framework in Frameworks */,
				03EBFE571BC9972600F0777C /* DZNEmptyDataSet.framework in Frameworks */,
				03EBFE581BC9972600F0777C /* Locksmith.framework in Frameworks */,
				03EBFE591BC9972600F0777C /* Parse.framework in Frameworks */,
				03EBFE5A1BC9972600F0777C /* Pods.framework in Frameworks */,
				03EBFE5B1BC9972600F0777C /* SwiftyJSON.framework in Frameworks */,
				03EBFE5C1BC9972600F0777C /* Timepiece.framework in Frameworks */,
			);
			runOnlyForDeploymentPostprocessing = 0;
		};
		031D280F1B29D1300060263A /* Frameworks */ = {
			isa = PBXFrameworksBuildPhase;
			buildActionMask = 2147483647;
			files = (
				30D10D11E7A28B0F7C963607 /* Pods.framework in Frameworks */,
			);
			runOnlyForDeploymentPostprocessing = 0;
		};
/* End PBXFrameworksBuildPhase section */

/* Begin PBXGroup section */
		031D27F41B29D1300060263A = {
			isa = PBXGroup;
			children = (
				031D27FF1B29D1300060263A /* Habitual */,
				031D28151B29D1300060263A /* HabitualTests */,
				031D27FE1B29D1300060263A /* Products */,
				A7BCFA7EFDD6DA07080E4878 /* Frameworks */,
				C5B3D7FC8AEA222E04A8588A /* Pods */,
			);
			sourceTree = "<group>";
		};
		031D27FE1B29D1300060263A /* Products */ = {
			isa = PBXGroup;
			children = (
				031D27FD1B29D1300060263A /* Ignite.app */,
				031D28121B29D1300060263A /* Ignite.xctest */,
			);
			name = Products;
			sourceTree = "<group>";
		};
		031D27FF1B29D1300060263A /* Habitual */ = {
			isa = PBXGroup;
			children = (
				031D28021B29D1300060263A /* AppDelegate.swift */,
				031D28221B29D4BA0060263A /* Models */,
				031D28231B29D4C10060263A /* Views */,
				031D28241B29D4C60060263A /* Controllers */,
				031D28251B29D57F0060263A /* Stores */,
				039BFC061B2AD1E3006EAFD9 /* Helpers */,
				03E6F2D71B51998600484DB6 /* HabitualModel.xcdatamodeld */,
				031D28061B29D1300060263A /* Main.storyboard */,
				031D28091B29D1300060263A /* Images.xcassets */,
				031D280B1B29D1300060263A /* LaunchScreen.xib */,
				031D28001B29D1300060263A /* Supporting Files */,
			);
			path = Habitual;
			sourceTree = "<group>";
		};
		031D28001B29D1300060263A /* Supporting Files */ = {
			isa = PBXGroup;
			children = (
				031D28011B29D1300060263A /* Info.plist */,
			);
			name = "Supporting Files";
			sourceTree = "<group>";
		};
		031D28151B29D1300060263A /* HabitualTests */ = {
			isa = PBXGroup;
			children = (
				031D28181B29D1300060263A /* HabitualTests.swift */,
				031D28161B29D1300060263A /* Supporting Files */,
			);
			path = HabitualTests;
			sourceTree = "<group>";
		};
		031D28161B29D1300060263A /* Supporting Files */ = {
			isa = PBXGroup;
			children = (
				031D28171B29D1300060263A /* Info.plist */,
			);
			name = "Supporting Files";
			sourceTree = "<group>";
		};
		031D28221B29D4BA0060263A /* Models */ = {
			isa = PBXGroup;
			children = (
				03E6F2E21B51A23400484DB6 /* Habit.swift */,
				039BFC0B1B2AD4AB006EAFD9 /* PObject.swift */,
				039BFC0D1B2AE10B006EAFD9 /* User.swift */,
			);
			name = Models;
			sourceTree = "<group>";
		};
		031D28231B29D4C10060263A /* Views */ = {
			isa = PBXGroup;
			children = (
				03B488111B509C390077E601 /* HabitCell.swift */,
				03B488121B509C390077E601 /* HabitCell.xib */,
			);
			name = Views;
			sourceTree = "<group>";
		};
		031D28241B29D4C60060263A /* Controllers */ = {
			isa = PBXGroup;
			children = (
				03B488151B509CAA0077E601 /* CalendarViewController.swift */,
				03E99C9A1B545D3800E93D82 /* HabitDetailController.swift */,
				0355D10D1B5D786200EA8185 /* NetworkTableViewController.swift */,
				0355D10F1B5D786D00EA8185 /* UserViewController.swift */,
				03BA13441B5DB82900504A63 /* MainTabBarController.swift */,
				03DF8E2F1B602A3000C6DC78 /* SignupViewController.swift */,
				03CB427D1BC9C76D00B13DE7 /* SelectConnectionsTableViewController.swift */,
			);
			name = Controllers;
			sourceTree = "<group>";
		};
		031D28251B29D57F0060263A /* Stores */ = {
			isa = PBXGroup;
			children = (
				039BFC041B2AD1DF006EAFD9 /* AuthManager.swift */,
				039BFC021B2AD1C7006EAFD9 /* WebManager.swift */,
			);
			name = Stores;
			sourceTree = "<group>";
		};
		039BFC061B2AD1E3006EAFD9 /* Helpers */ = {
			isa = PBXGroup;
			children = (
				039BFC071B2AD1F9006EAFD9 /* Constants.swift */,
				0336741D1BCF477500AA87C2 /* SecretConstants.swift */,
				039BFC091B2AD234006EAFD9 /* Utilities.swift */,
				03BA13461B5EEB8300504A63 /* LocalNotificationManager.swift */,
				03B6905E1B62C4B90040D924 /* ForeignNotificationManager.swift */,
				03C8A3491BD1F2C3006E16B2 /* Ignite-Bridging-Header.h */,
			);
			name = Helpers;
			sourceTree = "<group>";
		};
		A7BCFA7EFDD6DA07080E4878 /* Frameworks */ = {
			isa = PBXGroup;
			children = (
				03EBFE4D1BC9972600F0777C /* Alamofire.framework */,
				03EBFE4E1BC9972600F0777C /* Bolts.framework */,
				03EBFE4F1BC9972600F0777C /* DZNEmptyDataSet.framework */,
				03EBFE501BC9972600F0777C /* Locksmith.framework */,
				03EBFE511BC9972600F0777C /* Parse.framework */,
				03EBFE521BC9972600F0777C /* Pods.framework */,
				03EBFE531BC9972600F0777C /* SwiftyJSON.framework */,
				03EBFE541BC9972600F0777C /* Timepiece.framework */,
				03EBFE4B1BC9966800F0777C /* Alamofire.framework */,
				03EBFE3D1BC9949800F0777C /* Alamofire.framework */,
				03EBFE3B1BC9943800F0777C /* Alamofire.framework */,
				03DF8E2D1B5F196800C6DC78 /* libsqlite3.dylib */,
				03DF8E2B1B5F196000C6DC78 /* libz.dylib */,
				03DF8E291B5F195700C6DC78 /* SystemConfiguration.framework */,
				03DF8E271B5F195100C6DC78 /* StoreKit.framework */,
				03DF8E251B5F194800C6DC78 /* Social.framework */,
				03DF8E231B5F194400C6DC78 /* Security.framework */,
				03DF8E211B5F193E00C6DC78 /* QuartzCore.framework */,
				03DF8E1F1B5F193500C6DC78 /* CoreLocation.framework */,
				03DF8E1D1B5F193100C6DC78 /* CoreGraphics.framework */,
				03DF8E1B1B5F192700C6DC78 /* CFNetwork.framework */,
				03DF8E191B5F192000C6DC78 /* AudioToolbox.framework */,
				03DF8E171B5F191B00C6DC78 /* Accounts.framework */,
				37BDF06A9F97547913E3FEF7 /* Pods.framework */,
			);
			name = Frameworks;
			sourceTree = "<group>";
		};
		C5B3D7FC8AEA222E04A8588A /* Pods */ = {
			isa = PBXGroup;
			children = (
				6ED6887B71D38F447EA56028 /* Pods.debug.xcconfig */,
				965D8D446238EB043DB02938 /* Pods.release.xcconfig */,
			);
			name = Pods;
			sourceTree = "<group>";
		};
/* End PBXGroup section */

/* Begin PBXNativeTarget section */
		031D27FC1B29D1300060263A /* Ignite */ = {
			isa = PBXNativeTarget;
			buildConfigurationList = 031D281C1B29D1300060263A /* Build configuration list for PBXNativeTarget "Ignite" */;
			buildPhases = (
				031D27F91B29D1300060263A /* Sources */,
				031D27FA1B29D1300060263A /* Frameworks */,
				031D27FB1B29D1300060263A /* Resources */,
				DFEC6F53D962F79BD52AB113 /* Embed Pods Frameworks */,
				033AB3691BD00E39006D8D8F /* ShellScript */,
			);
			buildRules = (
			);
			dependencies = (
			);
			name = Ignite;
			productName = Habitual;
			productReference = 031D27FD1B29D1300060263A /* Ignite.app */;
			productType = "com.apple.product-type.application";
		};
		031D28111B29D1300060263A /* IgniteTests */ = {
			isa = PBXNativeTarget;
			buildConfigurationList = 031D281F1B29D1300060263A /* Build configuration list for PBXNativeTarget "IgniteTests" */;
			buildPhases = (
				031D280E1B29D1300060263A /* Sources */,
				031D280F1B29D1300060263A /* Frameworks */,
				031D28101B29D1300060263A /* Resources */,
				26881740A26044C6E06570BD /* Embed Pods Frameworks */,
			);
			buildRules = (
			);
			dependencies = (
				031D28141B29D1300060263A /* PBXTargetDependency */,
			);
			name = IgniteTests;
			productName = HabitualTests;
			productReference = 031D28121B29D1300060263A /* Ignite.xctest */;
			productType = "com.apple.product-type.bundle.unit-test";
		};
/* End PBXNativeTarget section */

/* Begin PBXProject section */
		031D27F51B29D1300060263A /* Project object */ = {
			isa = PBXProject;
			attributes = {
				LastSwiftMigration = 0700;
				LastSwiftUpdateCheck = 0700;
				LastUpgradeCheck = 0700;
				ORGANIZATIONNAME = "Josh Wright";
				TargetAttributes = {
					031D27FC1B29D1300060263A = {
						CreatedOnToolsVersion = 6.3.2;
						DevelopmentTeam = 7943G7Y9QA;
					};
					031D28111B29D1300060263A = {
						CreatedOnToolsVersion = 6.3.2;
						DevelopmentTeam = 7943G7Y9QA;
						TestTargetID = 031D27FC1B29D1300060263A;
					};
				};
			};
			buildConfigurationList = 031D27F81B29D1300060263A /* Build configuration list for PBXProject "Ignite" */;
			compatibilityVersion = "Xcode 3.2";
			developmentRegion = English;
			hasScannedForEncodings = 0;
			knownRegions = (
				en,
				Base,
			);
			mainGroup = 031D27F41B29D1300060263A;
			productRefGroup = 031D27FE1B29D1300060263A /* Products */;
			projectDirPath = "";
			projectRoot = "";
			targets = (
				031D27FC1B29D1300060263A /* Ignite */,
				031D28111B29D1300060263A /* IgniteTests */,
			);
		};
/* End PBXProject section */

/* Begin PBXResourcesBuildPhase section */
		031D27FB1B29D1300060263A /* Resources */ = {
			isa = PBXResourcesBuildPhase;
			buildActionMask = 2147483647;
			files = (
				031D28081B29D1300060263A /* Main.storyboard in Resources */,
				031D280D1B29D1300060263A /* LaunchScreen.xib in Resources */,
				03B488141B509C390077E601 /* HabitCell.xib in Resources */,
				031D280A1B29D1300060263A /* Images.xcassets in Resources */,
			);
			runOnlyForDeploymentPostprocessing = 0;
		};
		031D28101B29D1300060263A /* Resources */ = {
			isa = PBXResourcesBuildPhase;
			buildActionMask = 2147483647;
			files = (
			);
			runOnlyForDeploymentPostprocessing = 0;
		};
/* End PBXResourcesBuildPhase section */

/* Begin PBXShellScriptBuildPhase section */
		033AB3691BD00E39006D8D8F /* ShellScript */ = {
			isa = PBXShellScriptBuildPhase;
			buildActionMask = 2147483647;
			files = (
			);
			inputPaths = (
			);
			outputPaths = (
			);
			runOnlyForDeploymentPostprocessing = 0;
			shellPath = /bin/sh;
			shellScript = "\"${PODS_ROOT}/Fabric/Fabric.framework/run\" ccc151c1a1f2ebb45ae499391dba6bc8c4ddaf36 6e9cb81fb4260388b2e86b3317c3ca3868975a878ed8141cc9cb830c6fb517e8";
		};
		26881740A26044C6E06570BD /* Embed Pods Frameworks */ = {
			isa = PBXShellScriptBuildPhase;
			buildActionMask = 2147483647;
			files = (
			);
			inputPaths = (
			);
			name = "Embed Pods Frameworks";
			outputPaths = (
			);
			runOnlyForDeploymentPostprocessing = 0;
			shellPath = /bin/sh;
			shellScript = "\"${SRCROOT}/Pods/Target Support Files/Pods/Pods-frameworks.sh\"\n";
			showEnvVarsInLog = 0;
		};
		DFEC6F53D962F79BD52AB113 /* Embed Pods Frameworks */ = {
			isa = PBXShellScriptBuildPhase;
			buildActionMask = 2147483647;
			files = (
			);
			inputPaths = (
			);
			name = "Embed Pods Frameworks";
			outputPaths = (
			);
			runOnlyForDeploymentPostprocessing = 0;
			shellPath = /bin/sh;
			shellScript = "\"${SRCROOT}/Pods/Target Support Files/Pods/Pods-frameworks.sh\"\n";
			showEnvVarsInLog = 0;
		};
/* End PBXShellScriptBuildPhase section */

/* Begin PBXSourcesBuildPhase section */
		031D27F91B29D1300060263A /* Sources */ = {
			isa = PBXSourcesBuildPhase;
			buildActionMask = 2147483647;
			files = (
				039BFC0A1B2AD234006EAFD9 /* Utilities.swift in Sources */,
				03E6F2E31B51A23400484DB6 /* Habit.swift in Sources */,
				03B6905F1B62C4B90040D924 /* ForeignNotificationManager.swift in Sources */,
				03BA13451B5DB82900504A63 /* MainTabBarController.swift in Sources */,
				03B488161B509CAA0077E601 /* CalendarViewController.swift in Sources */,
				039BFC081B2AD1F9006EAFD9 /* Constants.swift in Sources */,
				0355D10E1B5D786200EA8185 /* NetworkTableViewController.swift in Sources */,
				039BFC0C1B2AD4AB006EAFD9 /* PObject.swift in Sources */,
				03E99C9B1B545D3800E93D82 /* HabitDetailController.swift in Sources */,
				039BFC0E1B2AE10B006EAFD9 /* User.swift in Sources */,
				03E6F2D91B51998600484DB6 /* HabitualModel.xcdatamodeld in Sources */,
				03BA13471B5EEB8300504A63 /* LocalNotificationManager.swift in Sources */,
				03DF8E301B602A3000C6DC78 /* SignupViewController.swift in Sources */,
				0355D1101B5D786D00EA8185 /* UserViewController.swift in Sources */,
				03CB427E1BC9C76D00B13DE7 /* SelectConnectionsTableViewController.swift in Sources */,
				039BFC051B2AD1DF006EAFD9 /* AuthManager.swift in Sources */,
				031D28031B29D1300060263A /* AppDelegate.swift in Sources */,
				03B488131B509C390077E601 /* HabitCell.swift in Sources */,
				039BFC031B2AD1C7006EAFD9 /* WebManager.swift in Sources */,
				0336741E1BCF477500AA87C2 /* SecretConstants.swift in Sources */,
			);
			runOnlyForDeploymentPostprocessing = 0;
		};
		031D280E1B29D1300060263A /* Sources */ = {
			isa = PBXSourcesBuildPhase;
			buildActionMask = 2147483647;
			files = (
				031D28191B29D1300060263A /* HabitualTests.swift in Sources */,
			);
			runOnlyForDeploymentPostprocessing = 0;
		};
/* End PBXSourcesBuildPhase section */

/* Begin PBXTargetDependency section */
		031D28141B29D1300060263A /* PBXTargetDependency */ = {
			isa = PBXTargetDependency;
			target = 031D27FC1B29D1300060263A /* Ignite */;
			targetProxy = 031D28131B29D1300060263A /* PBXContainerItemProxy */;
		};
/* End PBXTargetDependency section */

/* Begin PBXVariantGroup section */
		031D28061B29D1300060263A /* Main.storyboard */ = {
			isa = PBXVariantGroup;
			children = (
				031D28071B29D1300060263A /* Base */,
			);
			name = Main.storyboard;
			sourceTree = "<group>";
		};
		031D280B1B29D1300060263A /* LaunchScreen.xib */ = {
			isa = PBXVariantGroup;
			children = (
				031D280C1B29D1300060263A /* Base */,
			);
			name = LaunchScreen.xib;
			sourceTree = "<group>";
		};
/* End PBXVariantGroup section */

/* Begin XCBuildConfiguration section */
		031D281A1B29D1300060263A /* Debug */ = {
			isa = XCBuildConfiguration;
			buildSettings = {
				ALWAYS_SEARCH_USER_PATHS = NO;
				CLANG_CXX_LANGUAGE_STANDARD = "gnu++0x";
				CLANG_CXX_LIBRARY = "libc++";
				CLANG_ENABLE_MODULES = YES;
				CLANG_ENABLE_OBJC_ARC = YES;
				CLANG_WARN_BOOL_CONVERSION = YES;
				CLANG_WARN_CONSTANT_CONVERSION = YES;
				CLANG_WARN_DIRECT_OBJC_ISA_USAGE = YES_ERROR;
				CLANG_WARN_EMPTY_BODY = YES;
				CLANG_WARN_ENUM_CONVERSION = YES;
				CLANG_WARN_INT_CONVERSION = YES;
				CLANG_WARN_OBJC_ROOT_CLASS = YES_ERROR;
				CLANG_WARN_UNREACHABLE_CODE = YES;
				CLANG_WARN__DUPLICATE_METHOD_MATCH = YES;
				CODE_SIGN_IDENTITY = "iPhone Distribution: Joshua Wright (7943G7Y9QA)";
				"CODE_SIGN_IDENTITY[sdk=iphoneos*]" = "iPhone Distribution: Joshua Wright (7943G7Y9QA)";
				COPY_PHASE_STRIP = NO;
				DEBUG_INFORMATION_FORMAT = "dwarf-with-dsym";
				ENABLE_STRICT_OBJC_MSGSEND = YES;
				ENABLE_TESTABILITY = YES;
				GCC_C_LANGUAGE_STANDARD = gnu99;
				GCC_DYNAMIC_NO_PIC = NO;
				GCC_NO_COMMON_BLOCKS = YES;
				GCC_OPTIMIZATION_LEVEL = 0;
				GCC_PREPROCESSOR_DEFINITIONS = (
					"DEBUG=1",
					"$(inherited)",
				);
				GCC_SYMBOLS_PRIVATE_EXTERN = NO;
				GCC_WARN_64_TO_32_BIT_CONVERSION = YES;
				GCC_WARN_ABOUT_RETURN_TYPE = YES_ERROR;
				GCC_WARN_UNDECLARED_SELECTOR = YES;
				GCC_WARN_UNINITIALIZED_AUTOS = YES_AGGRESSIVE;
				GCC_WARN_UNUSED_FUNCTION = YES;
				GCC_WARN_UNUSED_VARIABLE = YES;
				IPHONEOS_DEPLOYMENT_TARGET = 8.3;
				MTL_ENABLE_DEBUG_INFO = YES;
				ONLY_ACTIVE_ARCH = YES;
				PROVISIONING_PROFILE = "8a2d284a-04c0-4dbe-bcbb-91f62e27f5a1";
				SDKROOT = iphoneos;
				SWIFT_OPTIMIZATION_LEVEL = "-Onone";
			};
			name = Debug;
		};
		031D281B1B29D1300060263A /* Release */ = {
			isa = XCBuildConfiguration;
			buildSettings = {
				ALWAYS_SEARCH_USER_PATHS = NO;
				CLANG_CXX_LANGUAGE_STANDARD = "gnu++0x";
				CLANG_CXX_LIBRARY = "libc++";
				CLANG_ENABLE_MODULES = YES;
				CLANG_ENABLE_OBJC_ARC = YES;
				CLANG_WARN_BOOL_CONVERSION = YES;
				CLANG_WARN_CONSTANT_CONVERSION = YES;
				CLANG_WARN_DIRECT_OBJC_ISA_USAGE = YES_ERROR;
				CLANG_WARN_EMPTY_BODY = YES;
				CLANG_WARN_ENUM_CONVERSION = YES;
				CLANG_WARN_INT_CONVERSION = YES;
				CLANG_WARN_OBJC_ROOT_CLASS = YES_ERROR;
				CLANG_WARN_UNREACHABLE_CODE = YES;
				CLANG_WARN__DUPLICATE_METHOD_MATCH = YES;
				CODE_SIGN_IDENTITY = "iPhone Distribution: Joshua Wright (7943G7Y9QA)";
				"CODE_SIGN_IDENTITY[sdk=iphoneos*]" = "iPhone Distribution: Joshua Wright (7943G7Y9QA)";
				COPY_PHASE_STRIP = NO;
				DEBUG_INFORMATION_FORMAT = "dwarf-with-dsym";
				ENABLE_NS_ASSERTIONS = NO;
				ENABLE_STRICT_OBJC_MSGSEND = YES;
				GCC_C_LANGUAGE_STANDARD = gnu99;
				GCC_NO_COMMON_BLOCKS = YES;
				GCC_WARN_64_TO_32_BIT_CONVERSION = YES;
				GCC_WARN_ABOUT_RETURN_TYPE = YES_ERROR;
				GCC_WARN_UNDECLARED_SELECTOR = YES;
				GCC_WARN_UNINITIALIZED_AUTOS = YES_AGGRESSIVE;
				GCC_WARN_UNUSED_FUNCTION = YES;
				GCC_WARN_UNUSED_VARIABLE = YES;
				IPHONEOS_DEPLOYMENT_TARGET = 8.3;
				MTL_ENABLE_DEBUG_INFO = NO;
				PROVISIONING_PROFILE = "8a2d284a-04c0-4dbe-bcbb-91f62e27f5a1";
				SDKROOT = iphoneos;
				VALIDATE_PRODUCT = YES;
			};
			name = Release;
		};
		031D281D1B29D1300060263A /* Debug */ = {
			isa = XCBuildConfiguration;
			baseConfigurationReference = 6ED6887B71D38F447EA56028 /* Pods.debug.xcconfig */;
			buildSettings = {
				ASSETCATALOG_COMPILER_APPICON_NAME = AppIcon;
				CODE_SIGN_IDENTITY = "iPhone Developer: Joshua Wright (4GWYK657PW)";
				"CODE_SIGN_IDENTITY[sdk=iphoneos*]" = "iPhone Developer: Joshua Wright (4GWYK657PW)";
				ENABLE_BITCODE = YES;
				FRAMEWORK_SEARCH_PATHS = (
					"$(inherited)",
					"$(PROJECT_DIR)",
					"$(PROJECT_DIR)/build/Release-iphoneos",
				);
				INFOPLIST_FILE = Habitual/Info.plist;
				IPHONEOS_DEPLOYMENT_TARGET = 8.0;
				LD_RUNPATH_SEARCH_PATHS = "$(inherited) @executable_path/Frameworks @executable_path/../Frameworks";
				OTHER_LDFLAGS = (
					"$(inherited)",
					"-ObjC",
					"-l\"sqlite3\"",
					"-l\"z\"",
					"-framework",
					"\"Alamofire\"",
					"-framework",
					"\"AudioToolbox\"",
					"-framework",
					"\"Bolts\"",
					"-framework",
					"\"CFNetwork\"",
					"-framework",
					"\"CoreGraphics\"",
					"-framework",
					"\"CoreLocation\"",
					"-framework",
					"\"DZNEmptyDataSet\"",
					"-framework",
					"\"Locksmith\"",
					"-framework",
					"\"MobileCoreServices\"",
					"-framework",
					"\"QuartzCore\"",
					"-framework",
					"\"Security\"",
					"-framework",
					"\"StoreKit\"",
					"-framework",
					"\"SwiftyJSON\"",
					"-framework",
					"\"SystemConfiguration\"",
					"-framework",
					"\"Timepiece\"",
					"-weak_framework",
					"\"Accounts\"",
					"-weak_framework",
					"\"Social\"",
				);
				PRODUCT_BUNDLE_IDENTIFIER = "com.joshwright.$(PRODUCT_NAME:rfc1034identifier)";
				PRODUCT_NAME = Ignite;
				PROVISIONING_PROFILE = "a034645c-3777-4f20-ae46-487520d731ad";
				SWIFT_OBJC_BRIDGING_HEADER = "Habitual/Ignite-Bridging-Header.h";
			};
			name = Debug;
		};
		031D281E1B29D1300060263A /* Release */ = {
			isa = XCBuildConfiguration;
			baseConfigurationReference = 965D8D446238EB043DB02938 /* Pods.release.xcconfig */;
			buildSettings = {
				ASSETCATALOG_COMPILER_APPICON_NAME = AppIcon;
				CODE_SIGN_IDENTITY = "iPhone Developer: Joshua Wright (4GWYK657PW)";
				"CODE_SIGN_IDENTITY[sdk=iphoneos*]" = "iPhone Developer: Joshua Wright (4GWYK657PW)";
				ENABLE_BITCODE = YES;
				FRAMEWORK_SEARCH_PATHS = (
					"$(inherited)",
					"$(PROJECT_DIR)",
					"$(PROJECT_DIR)/build/Release-iphoneos",
				);
				INFOPLIST_FILE = Habitual/Info.plist;
				IPHONEOS_DEPLOYMENT_TARGET = 8.0;
				LD_RUNPATH_SEARCH_PATHS = "$(inherited) @executable_path/Frameworks @executable_path/../Frameworks";
				OTHER_LDFLAGS = (
					"$(inherited)",
					"-ObjC",
					"-l\"sqlite3\"",
					"-l\"z\"",
					"-framework",
					"\"Alamofire\"",
					"-framework",
					"\"AudioToolbox\"",
					"-framework",
					"\"Bolts\"",
					"-framework",
					"\"CFNetwork\"",
					"-framework",
					"\"CoreGraphics\"",
					"-framework",
					"\"CoreLocation\"",
					"-framework",
					"\"DZNEmptyDataSet\"",
					"-framework",
					"\"Locksmith\"",
					"-framework",
					"\"MobileCoreServices\"",
					"-framework",
					"\"QuartzCore\"",
					"-framework",
					"\"Security\"",
					"-framework",
					"\"StoreKit\"",
					"-framework",
					"\"SwiftyJSON\"",
					"-framework",
					"\"SystemConfiguration\"",
					"-framework",
					"\"Timepiece\"",
					"-weak_framework",
					"\"Accounts\"",
					"-weak_framework",
					"\"Social\"",
				);
				PRODUCT_BUNDLE_IDENTIFIER = "com.joshwright.$(PRODUCT_NAME:rfc1034identifier)";
				PRODUCT_NAME = Ignite;
				PROVISIONING_PROFILE = "a034645c-3777-4f20-ae46-487520d731ad";
				SWIFT_OBJC_BRIDGING_HEADER = "Habitual/Ignite-Bridging-Header.h";
			};
			name = Release;
		};
		031D28201B29D1300060263A /* Debug */ = {
			isa = XCBuildConfiguration;
			baseConfigurationReference = 6ED6887B71D38F447EA56028 /* Pods.debug.xcconfig */;
			buildSettings = {
				BUNDLE_LOADER = "$(TEST_HOST)";
				CODE_SIGN_IDENTITY = "iPhone Developer";
				"CODE_SIGN_IDENTITY[sdk=iphoneos*]" = "iPhone Developer";
				FRAMEWORK_SEARCH_PATHS = (
					"$(SDKROOT)/Developer/Library/Frameworks",
					"$(inherited)",
				);
				GCC_PREPROCESSOR_DEFINITIONS = (
					"DEBUG=1",
					"$(inherited)",
				);
				INFOPLIST_FILE = HabitualTests/Info.plist;
				LD_RUNPATH_SEARCH_PATHS = "$(inherited) @executable_path/Frameworks @loader_path/Frameworks";
				PRODUCT_BUNDLE_IDENTIFIER = "com.joshwright.$(PRODUCT_NAME:rfc1034identifier)";
				PRODUCT_NAME = Ignite;
				PROVISIONING_PROFILE = "";
				TEST_HOST = "$(BUILT_PRODUCTS_DIR)/Ignite.app/Ignite";
			};
			name = Debug;
		};
		031D28211B29D1300060263A /* Release */ = {
			isa = XCBuildConfiguration;
			baseConfigurationReference = 965D8D446238EB043DB02938 /* Pods.release.xcconfig */;
			buildSettings = {
				BUNDLE_LOADER = "$(TEST_HOST)";
				CODE_SIGN_IDENTITY = "iPhone Developer";
				"CODE_SIGN_IDENTITY[sdk=iphoneos*]" = "iPhone Developer";
				FRAMEWORK_SEARCH_PATHS = (
					"$(SDKROOT)/Developer/Library/Frameworks",
					"$(inherited)",
				);
				INFOPLIST_FILE = HabitualTests/Info.plist;
				LD_RUNPATH_SEARCH_PATHS = "$(inherited) @executable_path/Frameworks @loader_path/Frameworks";
				PRODUCT_BUNDLE_IDENTIFIER = "com.joshwright.$(PRODUCT_NAME:rfc1034identifier)";
				PRODUCT_NAME = Ignite;
				PROVISIONING_PROFILE = "";
				TEST_HOST = "$(BUILT_PRODUCTS_DIR)/Ignite.app/Ignite";
			};
			name = Release;
		};
/* End XCBuildConfiguration section */

/* Begin XCConfigurationList section */
		031D27F81B29D1300060263A /* Build configuration list for PBXProject "Ignite" */ = {
			isa = XCConfigurationList;
			buildConfigurations = (
				031D281A1B29D1300060263A /* Debug */,
				031D281B1B29D1300060263A /* Release */,
			);
			defaultConfigurationIsVisible = 0;
			defaultConfigurationName = Release;
		};
		031D281C1B29D1300060263A /* Build configuration list for PBXNativeTarget "Ignite" */ = {
			isa = XCConfigurationList;
			buildConfigurations = (
				031D281D1B29D1300060263A /* Debug */,
				031D281E1B29D1300060263A /* Release */,
			);
			defaultConfigurationIsVisible = 0;
			defaultConfigurationName = Release;
		};
		031D281F1B29D1300060263A /* Build configuration list for PBXNativeTarget "IgniteTests" */ = {
			isa = XCConfigurationList;
			buildConfigurations = (
				031D28201B29D1300060263A /* Debug */,
				031D28211B29D1300060263A /* Release */,
			);
			defaultConfigurationIsVisible = 0;
			defaultConfigurationName = Release;
		};
/* End XCConfigurationList section */

/* Begin XCVersionGroup section */
		03E6F2D71B51998600484DB6 /* HabitualModel.xcdatamodeld */ = {
			isa = XCVersionGroup;
			children = (
				03E6F2D81B51998600484DB6 /* HabitualModel.xcdatamodel */,
			);
			currentVersion = 03E6F2D81B51998600484DB6 /* HabitualModel.xcdatamodel */;
			path = HabitualModel.xcdatamodeld;
			sourceTree = "<group>";
			versionGroupType = wrapper.xcdatamodel;
		};
/* End XCVersionGroup section */
	};
	rootObject = 031D27F51B29D1300060263A /* Project object */;
}
